
Microsoft Visual Studio Solution File, Format Version 11.00
# Visual Studio 2010
Project("{2150E333-8FDC-42A3-9474-1A3956D46DE8}") = "Engine", "Engine", "{0E9E3360-A145-420D-AD2C-EC86CE9BE666}"
EndProject
Project("{2150E333-8FDC-42A3-9474-1A3956D46DE8}") = "Tool", "Tool", "{C728F74D-C2CD-4B32-A306-1B14935A63C8}"
EndProject
Project("{8BC9CEB8-8B4A-11D0-8D11-00A0C91BC942}") = "MGui", "MGui\MGui.vcxproj", "{62C15516-56BC-4420-A222-85E656CE5A3C}"
	ProjectSection(ProjectDependencies) = postProject
		{1470171E-7B11-4D7D-B470-8D9EDD9BAFA6} = {1470171E-7B11-4D7D-B470-8D9EDD9BAFA6}
	EndProjectSection
EndProject
Project("{8BC9CEB8-8B4A-11D0-8D11-00A0C91BC942}") = "GLRenderSystem", "GLRenderSystem\GLRenderSystem.vcxproj", "{EF81B7C8-F750-4266-A4AE-D4142ED0CD96}"
	ProjectSection(ProjectDependencies) = postProject
		{1470171E-7B11-4D7D-B470-8D9EDD9BAFA6} = {1470171E-7B11-4D7D-B470-8D9EDD9BAFA6}
	EndProjectSection
EndProject
Project("{8BC9CEB8-8B4A-11D0-8D11-00A0C91BC942}") = "ALAudioSystem", "ALAudioSystem\ALAudioSystem.vcxproj", "{212AFE5C-2553-41A9-871D-C472C853865E}"
	ProjectSection(ProjectDependencies) = postProject
		{1470171E-7B11-4D7D-B470-8D9EDD9BAFA6} = {1470171E-7B11-4D7D-B470-8D9EDD9BAFA6}
	EndProjectSection
EndProject
Project("{8BC9CEB8-8B4A-11D0-8D11-00A0C91BC942}") = "DI8InputSystem", "DI8InputSystem\DI8InputSystem.vcxproj", "{746D8DC2-6AE7-4092-8D11-1DB42C30CE54}"
	ProjectSection(ProjectDependencies) = postProject
		{1470171E-7B11-4D7D-B470-8D9EDD9BAFA6} = {1470171E-7B11-4D7D-B470-8D9EDD9BAFA6}
	EndProjectSection
EndProject
Project("{8BC9CEB8-8B4A-11D0-8D11-00A0C91BC942}") = "MParticleFX", "MParticleFX\MParticleFX.vcxproj", "{7C8885E6-D8CF-4703-AD16-46E7694AD9BF}"
	ProjectSection(ProjectDependencies) = postProject
		{1470171E-7B11-4D7D-B470-8D9EDD9BAFA6} = {1470171E-7B11-4D7D-B470-8D9EDD9BAFA6}
	EndProjectSection
EndProject
Project("{8BC9CEB8-8B4A-11D0-8D11-00A0C91BC942}") = "MPhysics", "MPhysics\MPhysics.vcxproj", "{7A3D1FCB-F9F2-49ED-A952-46D0F2E51BDE}"
	ProjectSection(ProjectDependencies) = postProject
		{1470171E-7B11-4D7D-B470-8D9EDD9BAFA6} = {1470171E-7B11-4D7D-B470-8D9EDD9BAFA6}
	EndProjectSection
EndProject
Project("{8BC9CEB8-8B4A-11D0-8D11-00A0C91BC942}") = "UIEditor", "Tools\UIEditor\UIEditor.vcxproj", "{41C3B2E3-12C4-4AD3-BEFB-567237C5448A}"
EndProject
Project("{8BC9CEB8-8B4A-11D0-8D11-00A0C91BC942}") = "MeshViewer", "Tools\MeshViewer\MeshViewer.vcxproj", "{7277DEA3-4C11-4A30-B6CF-E9B6425516C4}"
EndProject
Project("{8BC9CEB8-8B4A-11D0-8D11-00A0C91BC942}") = "MStudio", "Tools\MStudio\MStudio.vcxproj", "{CBF40A0F-9E28-4B02-93C4-C87752A201B4}"
EndProject
Project("{2150E333-8FDC-42A3-9474-1A3956D46DE8}") = "Export", "Export", "{D0F7A352-7D14-4DFF-9F7C-9AA7C8D744A1}"
EndProject
Project("{8BC9CEB8-8B4A-11D0-8D11-00A0C91BC942}") = "ResourceViewer", "Tools\ResourceViewer\ResourceViewer.vcxproj", "{B1DDE44B-4D47-4F28-A841-883CCB377529}"
EndProject
Project("{8BC9CEB8-8B4A-11D0-8D11-00A0C91BC942}") = "MCore", "MCore\MCore.vcxproj", "{1470171E-7B11-4D7D-B470-8D9EDD9BAFA6}"
EndProject
Project("{2150E333-8FDC-42A3-9474-1A3956D46DE8}") = "Demo", "Demo", "{AB970D78-D135-41A8-A4D6-3F12E5B373A0}"
EndProject
Project("{8BC9CEB8-8B4A-11D0-8D11-00A0C91BC942}") = "Demo01_Empty", "Samples\Demo01_Empty\Demo01_Empty.vcxproj", "{3EA71BAE-8CD5-41BA-B061-37E5EAE89679}"
EndProject
Project("{8BC9CEB8-8B4A-11D0-8D11-00A0C91BC942}") = "Demo02_Mesh", "Samples\Demo02_Mesh\Demo02_Mesh.vcxproj", "{05309A02-109A-40CD-B8C1-E9406A787DA0}"
EndProject
Project("{8BC9CEB8-8B4A-11D0-8D11-00A0C91BC942}") = "Demo03_SkeletonAnimation", "Samples\Demo03_SkeletonAnimation\Demo03_SkeletonAnimation.vcxproj", "{83AE2AAE-6492-40FE-AFA2-E400C78C73F6}"
EndProject
Project("{8BC9CEB8-8B4A-11D0-8D11-00A0C91BC942}") = "Demo04_Lighting", "Samples\Demo04_Lighting\Demo04_Lighting.vcxproj", "{8B8250B2-CC66-4FA6-B080-D1962ECC82D8}"
EndProject
Project("{8BC9CEB8-8B4A-11D0-8D11-00A0C91BC942}") = "Demo05_Shading", "Samples\Demo05_Shading\Demo05_Shading.vcxproj", "{31ADDFA8-7641-4DD9-ACBC-6528C171AA14}"
EndProject
Project("{8BC9CEB8-8B4A-11D0-8D11-00A0C91BC942}") = "Demo06_GUI", "Samples\Demo06_GUI\Demo06_GUI.vcxproj", "{D78EE71B-8212-4481-B760-561CDCAAE070}"
EndProject
Project("{8BC9CEB8-8B4A-11D0-8D11-00A0C91BC942}") = "Demo07_ParticleFX", "Samples\Demo07_ParticleFX\Demo07_ParticleFX.vcxproj", "{46458F47-EED5-48F7-964A-B54ABF53F04C}"
EndProject
Project("{8BC9CEB8-8B4A-11D0-8D11-00A0C91BC942}") = "Demo09_BackgroundLoad", "Samples\Demo09_BackgroundLoad\Demo09_BackgroundLoad.vcxproj", "{F5961F37-597F-42CA-9794-81B15D9BC50E}"
EndProject
Project("{8BC9CEB8-8B4A-11D0-8D11-00A0C91BC942}") = "Demo08_Physics", "Samples\Demo08_Physics\Demo08_Physics.vcxproj", "{73827849-77DE-4EA4-B2F2-B6951775F8BF}"
EndProject
Project("{8BC9CEB8-8B4A-11D0-8D11-00A0C91BC942}") = "Demo10_MultiVertexBuffer", "Samples\Demo10_MultiVertexBuffer\Demo10_MultiVertexBuffer.vcxproj", "{DB8354B2-C927-4663-B8E0-E3E86B6AAC47}"
EndProject
Project("{8BC9CEB8-8B4A-11D0-8D11-00A0C91BC942}") = "Demo11_NavPath", "Samples\Demo11_NavPath\Demo11_NavPath.vcxproj", "{61D9C491-888B-4356-A3E8-6412FBB1D53F}"
EndProject
Project("{8BC9CEB8-8B4A-11D0-8D11-00A0C91BC942}") = "Demo13_Sound", "Samples\Demo13_Sound\Demo13_Sound.vcxproj", "{E2CBC4AF-3762-45FD-991B-36E6D96A7FA1}"
EndProject
Project("{8BC9CEB8-8B4A-11D0-8D11-00A0C91BC942}") = "Demo14_RenderTarget", "Samples\Demo14_RenderTarget\Demo14_RenderTarget.vcxproj", "{873D6643-F7B7-4E97-8D77-A943FABF9958}"
EndProject
Project("{8BC9CEB8-8B4A-11D0-8D11-00A0C91BC942}") = "Demo15_Lua", "Samples\Demo15_Lua\Demo15_Lua.vcxproj", "{B8FB80C0-B013-4234-AA07-44148DB9C30E}"
EndProject
Project("{8BC9CEB8-8B4A-11D0-8D11-00A0C91BC942}") = "Demo17_Shadow", "Samples\Demo17_Shadow\Demo17_Shadow.vcxproj", "{5308E2E9-23F1-4828-9498-A06B1823046B}"
EndProject
Project("{8BC9CEB8-8B4A-11D0-8D11-00A0C91BC942}") = "Demo16_Bloom", "Samples\Demo16_Bloom\Demo16_Bloom.vcxproj", "{14C1F2F8-8287-4A0D-A343-B1DA4BF8AD44}"
EndProject
Project("{8BC9CEB8-8B4A-11D0-8D11-00A0C91BC942}") = "Demo18_RadC", "Samples\Demo18_RadC\Demo18_RadC.vcxproj", "{C25E794E-9644-4026-8E89-EF644C12498F}"
EndProject
Project("{8BC9CEB8-8B4A-11D0-8D11-00A0C91BC942}") = "NullRenderSystem", "NullRenderSystem\NullRenderSystem.vcxproj", "{46BEE6E1-4C7E-4D7A-AD87-1597BBA60DE9}"
	ProjectSection(ProjectDependencies) = postProject
		{1470171E-7B11-4D7D-B470-8D9EDD9BAFA6} = {1470171E-7B11-4D7D-B470-8D9EDD9BAFA6}
	EndProjectSection
EndProject
Project("{2150E333-8FDC-42A3-9474-1A3956D46DE8}") = "RenderSystem", "RenderSystem", "{F32D1582-9B6A-4A64-97E9-B5F9A670D0BB}"
EndProject
Project("{8BC9CEB8-8B4A-11D0-8D11-00A0C91BC942}") = "Demo19_Tcp", "Samples\Demo19_Tcp\Demo19_Tcp.vcxproj", "{197E9B02-8E72-4865-B61C-7023E639CFED}"
EndProject
Project("{8BC9CEB8-8B4A-11D0-8D11-00A0C91BC942}") = "MPKTool", "Tools\MPKTool\MPKTool.vcxproj", "{CEF82E76-15F9-4BFF-8211-8B17BBA06217}"
EndProject
Project("{8BC9CEB8-8B4A-11D0-8D11-00A0C91BC942}") = "Demo13_Video", "Samples\Demo13_Video\Demo13_Video.vcxproj", "{65D370DD-B3C4-4FDF-BE86-D54EF0AA3075}"
EndProject
Project("{2150E333-8FDC-42A3-9474-1A3956D46DE8}") = "AudioSystem", "AudioSystem", "{957DAABD-BEF8-411B-8502-AA18C926DB06}"
EndProject
Project("{8BC9CEB8-8B4A-11D0-8D11-00A0C91BC942}") = "SLAudioSystem", "SLAudioSystem\SLAudioSystem.vcxproj", "{03C482E9-1BF6-4740-B96A-2290FEA1B62F}"
EndProject
Project("{8BC9CEB8-8B4A-11D0-8D11-00A0C91BC942}") = "MaxExport2010", "Tools\MaxExport2010\MaxExport2010.vcxproj", "{734EE029-1956-4991-BD93-FA1FAE60CA4D}"
EndProject
Project("{8BC9CEB8-8B4A-11D0-8D11-00A0C91BC942}") = "Sample_Game", "Samples\Sample_Game\Sample_Game.vcxproj", "{432DAD6F-7572-4F27-B222-23F9E2994CD2}"
EndProject
Global
	GlobalSection(SolutionConfigurationPlatforms) = preSolution
		Debug|Mixed Platforms = Debug|Mixed Platforms
		Debug|Win32 = Debug|Win32
		Debug|x86 = Debug|x86
		Profile|Mixed Platforms = Profile|Mixed Platforms
		Profile|Win32 = Profile|Win32
		Profile|x86 = Profile|x86
		Release|Mixed Platforms = Release|Mixed Platforms
		Release|Win32 = Release|Win32
		Release|x86 = Release|x86
	EndGlobalSection
	GlobalSection(ProjectConfigurationPlatforms) = postSolution
		{62C15516-56BC-4420-A222-85E656CE5A3C}.Debug|Mixed Platforms.ActiveCfg = Debug|Win32
		{62C15516-56BC-4420-A222-85E656CE5A3C}.Debug|Mixed Platforms.Build.0 = Debug|Win32
		{62C15516-56BC-4420-A222-85E656CE5A3C}.Debug|Win32.ActiveCfg = Debug|Win32
		{62C15516-56BC-4420-A222-85E656CE5A3C}.Debug|Win32.Build.0 = Debug|Win32
		{62C15516-56BC-4420-A222-85E656CE5A3C}.Debug|x86.ActiveCfg = Debug|Win32
		{62C15516-56BC-4420-A222-85E656CE5A3C}.Profile|Mixed Platforms.ActiveCfg = Profile|Win32
		{62C15516-56BC-4420-A222-85E656CE5A3C}.Profile|Mixed Platforms.Build.0 = Profile|Win32
		{62C15516-56BC-4420-A222-85E656CE5A3C}.Profile|Win32.ActiveCfg = Profile|Win32
		{62C15516-56BC-4420-A222-85E656CE5A3C}.Profile|Win32.Build.0 = Profile|Win32
		{62C15516-56BC-4420-A222-85E656CE5A3C}.Profile|x86.ActiveCfg = Profile|Win32
		{62C15516-56BC-4420-A222-85E656CE5A3C}.Release|Mixed Platforms.ActiveCfg = Release|Win32
		{62C15516-56BC-4420-A222-85E656CE5A3C}.Release|Mixed Platforms.Build.0 = Release|Win32
		{62C15516-56BC-4420-A222-85E656CE5A3C}.Release|Win32.ActiveCfg = Release|Win32
		{62C15516-56BC-4420-A222-85E656CE5A3C}.Release|Win32.Build.0 = Release|Win32
		{62C15516-56BC-4420-A222-85E656CE5A3C}.Release|x86.ActiveCfg = Release|Win32
		{EF81B7C8-F750-4266-A4AE-D4142ED0CD96}.Debug|Mixed Platforms.ActiveCfg = Debug|Win32
		{EF81B7C8-F750-4266-A4AE-D4142ED0CD96}.Debug|Mixed Platforms.Build.0 = Debug|Win32
		{EF81B7C8-F750-4266-A4AE-D4142ED0CD96}.Debug|Win32.ActiveCfg = Debug|Win32
		{EF81B7C8-F750-4266-A4AE-D4142ED0CD96}.Debug|Win32.Build.0 = Debug|Win32
		{EF81B7C8-F750-4266-A4AE-D4142ED0CD96}.Debug|x86.ActiveCfg = Debug|Win32
		{EF81B7C8-F750-4266-A4AE-D4142ED0CD96}.Profile|Mixed Platforms.ActiveCfg = Profile|Win32
		{EF81B7C8-F750-4266-A4AE-D4142ED0CD96}.Profile|Mixed Platforms.Build.0 = Profile|Win32
		{EF81B7C8-F750-4266-A4AE-D4142ED0CD96}.Profile|Win32.ActiveCfg = Profile|Win32
		{EF81B7C8-F750-4266-A4AE-D4142ED0CD96}.Profile|Win32.Build.0 = Profile|Win32
		{EF81B7C8-F750-4266-A4AE-D4142ED0CD96}.Profile|x86.ActiveCfg = Profile|Win32
		{EF81B7C8-F750-4266-A4AE-D4142ED0CD96}.Release|Mixed Platforms.ActiveCfg = Release|Win32
		{EF81B7C8-F750-4266-A4AE-D4142ED0CD96}.Release|Mixed Platforms.Build.0 = Release|Win32
		{EF81B7C8-F750-4266-A4AE-D4142ED0CD96}.Release|Win32.ActiveCfg = Release|Win32
		{EF81B7C8-F750-4266-A4AE-D4142ED0CD96}.Release|Win32.Build.0 = Release|Win32
		{EF81B7C8-F750-4266-A4AE-D4142ED0CD96}.Release|x86.ActiveCfg = Release|Win32
		{212AFE5C-2553-41A9-871D-C472C853865E}.Debug|Mixed Platforms.ActiveCfg = Debug|Win32
		{212AFE5C-2553-41A9-871D-C472C853865E}.Debug|Mixed Platforms.Build.0 = Debug|Win32
		{212AFE5C-2553-41A9-871D-C472C853865E}.Debug|Win32.ActiveCfg = Debug|Win32
		{212AFE5C-2553-41A9-871D-C472C853865E}.Debug|Win32.Build.0 = Debug|Win32
		{212AFE5C-2553-41A9-871D-C472C853865E}.Debug|x86.ActiveCfg = Debug|Win32
		{212AFE5C-2553-41A9-871D-C472C853865E}.Profile|Mixed Platforms.ActiveCfg = Profile|Win32
		{212AFE5C-2553-41A9-871D-C472C853865E}.Profile|Mixed Platforms.Build.0 = Profile|Win32
		{212AFE5C-2553-41A9-871D-C472C853865E}.Profile|Win32.ActiveCfg = Profile|Win32
		{212AFE5C-2553-41A9-871D-C472C853865E}.Profile|Win32.Build.0 = Profile|Win32
		{212AFE5C-2553-41A9-871D-C472C853865E}.Profile|x86.ActiveCfg = Profile|Win32
		{212AFE5C-2553-41A9-871D-C472C853865E}.Release|Mixed Platforms.ActiveCfg = Release|Win32
		{212AFE5C-2553-41A9-871D-C472C853865E}.Release|Mixed Platforms.Build.0 = Release|Win32
		{212AFE5C-2553-41A9-871D-C472C853865E}.Release|Win32.ActiveCfg = Release|Win32
		{212AFE5C-2553-41A9-871D-C472C853865E}.Release|Win32.Build.0 = Release|Win32
		{212AFE5C-2553-41A9-871D-C472C853865E}.Release|x86.ActiveCfg = Release|Win32
		{746D8DC2-6AE7-4092-8D11-1DB42C30CE54}.Debug|Mixed Platforms.ActiveCfg = Debug|Win32
		{746D8DC2-6AE7-4092-8D11-1DB42C30CE54}.Debug|Mixed Platforms.Build.0 = Debug|Win32
		{746D8DC2-6AE7-4092-8D11-1DB42C30CE54}.Debug|Win32.ActiveCfg = Debug|Win32
		{746D8DC2-6AE7-4092-8D11-1DB42C30CE54}.Debug|Win32.Build.0 = Debug|Win32
		{746D8DC2-6AE7-4092-8D11-1DB42C30CE54}.Debug|x86.ActiveCfg = Debug|Win32
		{746D8DC2-6AE7-4092-8D11-1DB42C30CE54}.Profile|Mixed Platforms.ActiveCfg = Profile|Win32
		{746D8DC2-6AE7-4092-8D11-1DB42C30CE54}.Profile|Mixed Platforms.Build.0 = Profile|Win32
		{746D8DC2-6AE7-4092-8D11-1DB42C30CE54}.Profile|Win32.ActiveCfg = Profile|Win32
		{746D8DC2-6AE7-4092-8D11-1DB42C30CE54}.Profile|Win32.Build.0 = Profile|Win32
		{746D8DC2-6AE7-4092-8D11-1DB42C30CE54}.Profile|x86.ActiveCfg = Profile|Win32
		{746D8DC2-6AE7-4092-8D11-1DB42C30CE54}.Release|Mixed Platforms.ActiveCfg = Release|Win32
		{746D8DC2-6AE7-4092-8D11-1DB42C30CE54}.Release|Mixed Platforms.Build.0 = Release|Win32
		{746D8DC2-6AE7-4092-8D11-1DB42C30CE54}.Release|Win32.ActiveCfg = Release|Win32
		{746D8DC2-6AE7-4092-8D11-1DB42C30CE54}.Release|Win32.Build.0 = Release|Win32
		{746D8DC2-6AE7-4092-8D11-1DB42C30CE54}.Release|x86.ActiveCfg = Release|Win32
		{7C8885E6-D8CF-4703-AD16-46E7694AD9BF}.Debug|Mixed Platforms.ActiveCfg = Debug|Win32
		{7C8885E6-D8CF-4703-AD16-46E7694AD9BF}.Debug|Mixed Platforms.Build.0 = Debug|Win32
		{7C8885E6-D8CF-4703-AD16-46E7694AD9BF}.Debug|Win32.ActiveCfg = Debug|Win32
		{7C8885E6-D8CF-4703-AD16-46E7694AD9BF}.Debug|Win32.Build.0 = Debug|Win32
		{7C8885E6-D8CF-4703-AD16-46E7694AD9BF}.Debug|x86.ActiveCfg = Debug|Win32
		{7C8885E6-D8CF-4703-AD16-46E7694AD9BF}.Profile|Mixed Platforms.ActiveCfg = Profile|Win32
		{7C8885E6-D8CF-4703-AD16-46E7694AD9BF}.Profile|Mixed Platforms.Build.0 = Profile|Win32
		{7C8885E6-D8CF-4703-AD16-46E7694AD9BF}.Profile|Win32.ActiveCfg = Profile|Win32
		{7C8885E6-D8CF-4703-AD16-46E7694AD9BF}.Profile|Win32.Build.0 = Profile|Win32
		{7C8885E6-D8CF-4703-AD16-46E7694AD9BF}.Profile|x86.ActiveCfg = Profile|Win32
		{7C8885E6-D8CF-4703-AD16-46E7694AD9BF}.Release|Mixed Platforms.ActiveCfg = Release|Win32
		{7C8885E6-D8CF-4703-AD16-46E7694AD9BF}.Release|Mixed Platforms.Build.0 = Release|Win32
		{7C8885E6-D8CF-4703-AD16-46E7694AD9BF}.Release|Win32.ActiveCfg = Release|Win32
		{7C8885E6-D8CF-4703-AD16-46E7694AD9BF}.Release|Win32.Build.0 = Release|Win32
		{7C8885E6-D8CF-4703-AD16-46E7694AD9BF}.Release|x86.ActiveCfg = Release|Win32
		{7A3D1FCB-F9F2-49ED-A952-46D0F2E51BDE}.Debug|Mixed Platforms.ActiveCfg = Debug|Win32
		{7A3D1FCB-F9F2-49ED-A952-46D0F2E51BDE}.Debug|Mixed Platforms.Build.0 = Debug|Win32
		{7A3D1FCB-F9F2-49ED-A952-46D0F2E51BDE}.Debug|Win32.ActiveCfg = Debug|Win32
		{7A3D1FCB-F9F2-49ED-A952-46D0F2E51BDE}.Debug|Win32.Build.0 = Debug|Win32
		{7A3D1FCB-F9F2-49ED-A952-46D0F2E51BDE}.Debug|x86.ActiveCfg = Debug|Win32
		{7A3D1FCB-F9F2-49ED-A952-46D0F2E51BDE}.Profile|Mixed Platforms.ActiveCfg = Profile|Win32
		{7A3D1FCB-F9F2-49ED-A952-46D0F2E51BDE}.Profile|Mixed Platforms.Build.0 = Profile|Win32
		{7A3D1FCB-F9F2-49ED-A952-46D0F2E51BDE}.Profile|Win32.ActiveCfg = Profile|Win32
		{7A3D1FCB-F9F2-49ED-A952-46D0F2E51BDE}.Profile|Win32.Build.0 = Profile|Win32
		{7A3D1FCB-F9F2-49ED-A952-46D0F2E51BDE}.Profile|x86.ActiveCfg = Profile|Win32
		{7A3D1FCB-F9F2-49ED-A952-46D0F2E51BDE}.Release|Mixed Platforms.ActiveCfg = Release|Win32
		{7A3D1FCB-F9F2-49ED-A952-46D0F2E51BDE}.Release|Mixed Platforms.Build.0 = Release|Win32
		{7A3D1FCB-F9F2-49ED-A952-46D0F2E51BDE}.Release|Win32.ActiveCfg = Release|Win32
		{7A3D1FCB-F9F2-49ED-A952-46D0F2E51BDE}.Release|Win32.Build.0 = Release|Win32
		{7A3D1FCB-F9F2-49ED-A952-46D0F2E51BDE}.Release|x86.ActiveCfg = Release|Win32
		{41C3B2E3-12C4-4AD3-BEFB-567237C5448A}.Debug|Mixed Platforms.ActiveCfg = Debug|Win32
		{41C3B2E3-12C4-4AD3-BEFB-567237C5448A}.Debug|Mixed Platforms.Build.0 = Debug|Win32
		{41C3B2E3-12C4-4AD3-BEFB-567237C5448A}.Debug|Win32.ActiveCfg = Debug|Win32
		{41C3B2E3-12C4-4AD3-BEFB-567237C5448A}.Debug|Win32.Build.0 = Debug|Win32
		{41C3B2E3-12C4-4AD3-BEFB-567237C5448A}.Debug|x86.ActiveCfg = Debug|Win32
		{41C3B2E3-12C4-4AD3-BEFB-567237C5448A}.Profile|Mixed Platforms.ActiveCfg = Profile|Win32
		{41C3B2E3-12C4-4AD3-BEFB-567237C5448A}.Profile|Mixed Platforms.Build.0 = Profile|Win32
		{41C3B2E3-12C4-4AD3-BEFB-567237C5448A}.Profile|Win32.ActiveCfg = Profile|Win32
		{41C3B2E3-12C4-4AD3-BEFB-567237C5448A}.Profile|Win32.Build.0 = Profile|Win32
		{41C3B2E3-12C4-4AD3-BEFB-567237C5448A}.Profile|x86.ActiveCfg = Profile|Win32
		{41C3B2E3-12C4-4AD3-BEFB-567237C5448A}.Release|Mixed Platforms.ActiveCfg = Release|Win32
		{41C3B2E3-12C4-4AD3-BEFB-567237C5448A}.Release|Mixed Platforms.Build.0 = Release|Win32
		{41C3B2E3-12C4-4AD3-BEFB-567237C5448A}.Release|Win32.ActiveCfg = Release|Win32
		{41C3B2E3-12C4-4AD3-BEFB-567237C5448A}.Release|Win32.Build.0 = Release|Win32
		{41C3B2E3-12C4-4AD3-BEFB-567237C5448A}.Release|x86.ActiveCfg = Release|Win32
		{7277DEA3-4C11-4A30-B6CF-E9B6425516C4}.Debug|Mixed Platforms.ActiveCfg = Debug|Win32
		{7277DEA3-4C11-4A30-B6CF-E9B6425516C4}.Debug|Mixed Platforms.Build.0 = Debug|Win32
		{7277DEA3-4C11-4A30-B6CF-E9B6425516C4}.Debug|Win32.ActiveCfg = Debug|Win32
		{7277DEA3-4C11-4A30-B6CF-E9B6425516C4}.Debug|Win32.Build.0 = Debug|Win32
		{7277DEA3-4C11-4A30-B6CF-E9B6425516C4}.Debug|x86.ActiveCfg = Debug|Win32
		{7277DEA3-4C11-4A30-B6CF-E9B6425516C4}.Profile|Mixed Platforms.ActiveCfg = Profile|Win32
		{7277DEA3-4C11-4A30-B6CF-E9B6425516C4}.Profile|Mixed Platforms.Build.0 = Profile|Win32
		{7277DEA3-4C11-4A30-B6CF-E9B6425516C4}.Profile|Win32.ActiveCfg = Profile|Win32
		{7277DEA3-4C11-4A30-B6CF-E9B6425516C4}.Profile|Win32.Build.0 = Profile|Win32
		{7277DEA3-4C11-4A30-B6CF-E9B6425516C4}.Profile|x86.ActiveCfg = Profile|Win32
		{7277DEA3-4C11-4A30-B6CF-E9B6425516C4}.Release|Mixed Platforms.ActiveCfg = Release|Win32
		{7277DEA3-4C11-4A30-B6CF-E9B6425516C4}.Release|Mixed Platforms.Build.0 = Release|Win32
		{7277DEA3-4C11-4A30-B6CF-E9B6425516C4}.Release|Win32.ActiveCfg = Release|Win32
		{7277DEA3-4C11-4A30-B6CF-E9B6425516C4}.Release|Win32.Build.0 = Release|Win32
		{7277DEA3-4C11-4A30-B6CF-E9B6425516C4}.Release|x86.ActiveCfg = Release|Win32
		{CBF40A0F-9E28-4B02-93C4-C87752A201B4}.Debug|Mixed Platforms.ActiveCfg = Debug|Win32
		{CBF40A0F-9E28-4B02-93C4-C87752A201B4}.Debug|Mixed Platforms.Build.0 = Debug|Win32
		{CBF40A0F-9E28-4B02-93C4-C87752A201B4}.Debug|Win32.ActiveCfg = Debug|Win32
		{CBF40A0F-9E28-4B02-93C4-C87752A201B4}.Debug|Win32.Build.0 = Debug|Win32
		{CBF40A0F-9E28-4B02-93C4-C87752A201B4}.Debug|x86.ActiveCfg = Debug|Win32
		{CBF40A0F-9E28-4B02-93C4-C87752A201B4}.Profile|Mixed Platforms.ActiveCfg = Profile|Win32
		{CBF40A0F-9E28-4B02-93C4-C87752A201B4}.Profile|Mixed Platforms.Build.0 = Profile|Win32
		{CBF40A0F-9E28-4B02-93C4-C87752A201B4}.Profile|Win32.ActiveCfg = Profile|Win32
		{CBF40A0F-9E28-4B02-93C4-C87752A201B4}.Profile|Win32.Build.0 = Profile|Win32
		{CBF40A0F-9E28-4B02-93C4-C87752A201B4}.Profile|x86.ActiveCfg = Profile|Win32
		{CBF40A0F-9E28-4B02-93C4-C87752A201B4}.Release|Mixed Platforms.ActiveCfg = Release|Win32
		{CBF40A0F-9E28-4B02-93C4-C87752A201B4}.Release|Mixed Platforms.Build.0 = Release|Win32
		{CBF40A0F-9E28-4B02-93C4-C87752A201B4}.Release|Win32.ActiveCfg = Release|Win32
		{CBF40A0F-9E28-4B02-93C4-C87752A201B4}.Release|Win32.Build.0 = Release|Win32
		{CBF40A0F-9E28-4B02-93C4-C87752A201B4}.Release|x86.ActiveCfg = Release|Win32
		{B1DDE44B-4D47-4F28-A841-883CCB377529}.Debug|Mixed Platforms.ActiveCfg = Debug|Win32
		{B1DDE44B-4D47-4F28-A841-883CCB377529}.Debug|Mixed Platforms.Build.0 = Debug|Win32
		{B1DDE44B-4D47-4F28-A841-883CCB377529}.Debug|Win32.ActiveCfg = Debug|Win32
		{B1DDE44B-4D47-4F28-A841-883CCB377529}.Debug|Win32.Build.0 = Debug|Win32
		{B1DDE44B-4D47-4F28-A841-883CCB377529}.Debug|x86.ActiveCfg = Debug|Win32
		{B1DDE44B-4D47-4F28-A841-883CCB377529}.Profile|Mixed Platforms.ActiveCfg = Profile|Win32
		{B1DDE44B-4D47-4F28-A841-883CCB377529}.Profile|Mixed Platforms.Build.0 = Profile|Win32
		{B1DDE44B-4D47-4F28-A841-883CCB377529}.Profile|Win32.ActiveCfg = Profile|Win32
		{B1DDE44B-4D47-4F28-A841-883CCB377529}.Profile|Win32.Build.0 = Profile|Win32
		{B1DDE44B-4D47-4F28-A841-883CCB377529}.Profile|x86.ActiveCfg = Profile|Win32
		{B1DDE44B-4D47-4F28-A841-883CCB377529}.Release|Mixed Platforms.ActiveCfg = Release|Win32
		{B1DDE44B-4D47-4F28-A841-883CCB377529}.Release|Mixed Platforms.Build.0 = Release|Win32
		{B1DDE44B-4D47-4F28-A841-883CCB377529}.Release|Win32.ActiveCfg = Release|Win32
		{B1DDE44B-4D47-4F28-A841-883CCB377529}.Release|Win32.Build.0 = Release|Win32
		{B1DDE44B-4D47-4F28-A841-883CCB377529}.Release|x86.ActiveCfg = Release|Win32
		{1470171E-7B11-4D7D-B470-8D9EDD9BAFA6}.Debug|Mixed Platforms.ActiveCfg = Debug|Win32
		{1470171E-7B11-4D7D-B470-8D9EDD9BAFA6}.Debug|Mixed Platforms.Build.0 = Debug|Win32
		{1470171E-7B11-4D7D-B470-8D9EDD9BAFA6}.Debug|Win32.ActiveCfg = Debug|Win32
		{1470171E-7B11-4D7D-B470-8D9EDD9BAFA6}.Debug|Win32.Build.0 = Debug|Win32
		{1470171E-7B11-4D7D-B470-8D9EDD9BAFA6}.Debug|x86.ActiveCfg = Debug|Win32
		{1470171E-7B11-4D7D-B470-8D9EDD9BAFA6}.Profile|Mixed Platforms.ActiveCfg = Profile|Win32
		{1470171E-7B11-4D7D-B470-8D9EDD9BAFA6}.Profile|Mixed Platforms.Build.0 = Profile|Win32
		{1470171E-7B11-4D7D-B470-8D9EDD9BAFA6}.Profile|Win32.ActiveCfg = Profile|Win32
		{1470171E-7B11-4D7D-B470-8D9EDD9BAFA6}.Profile|Win32.Build.0 = Profile|Win32
		{1470171E-7B11-4D7D-B470-8D9EDD9BAFA6}.Profile|x86.ActiveCfg = Profile|Win32
		{1470171E-7B11-4D7D-B470-8D9EDD9BAFA6}.Release|Mixed Platforms.ActiveCfg = Release|Win32
		{1470171E-7B11-4D7D-B470-8D9EDD9BAFA6}.Release|Mixed Platforms.Build.0 = Release|Win32
		{1470171E-7B11-4D7D-B470-8D9EDD9BAFA6}.Release|Win32.ActiveCfg = Release|Win32
		{1470171E-7B11-4D7D-B470-8D9EDD9BAFA6}.Release|Win32.Build.0 = Release|Win32
		{1470171E-7B11-4D7D-B470-8D9EDD9BAFA6}.Release|x86.ActiveCfg = Release|Win32
		{3EA71BAE-8CD5-41BA-B061-37E5EAE89679}.Debug|Mixed Platforms.ActiveCfg = Debug|Win32
		{3EA71BAE-8CD5-41BA-B061-37E5EAE89679}.Debug|Mixed Platforms.Build.0 = Debug|Win32
		{3EA71BAE-8CD5-41BA-B061-37E5EAE89679}.Debug|Win32.ActiveCfg = Debug|Win32
		{3EA71BAE-8CD5-41BA-B061-37E5EAE89679}.Debug|Win32.Build.0 = Debug|Win32
		{3EA71BAE-8CD5-41BA-B061-37E5EAE89679}.Debug|x86.ActiveCfg = Debug|Win32
		{3EA71BAE-8CD5-41BA-B061-37E5EAE89679}.Profile|Mixed Platforms.ActiveCfg = Profile|Win32
		{3EA71BAE-8CD5-41BA-B061-37E5EAE89679}.Profile|Mixed Platforms.Build.0 = Profile|Win32
		{3EA71BAE-8CD5-41BA-B061-37E5EAE89679}.Profile|Win32.ActiveCfg = Profile|Win32
		{3EA71BAE-8CD5-41BA-B061-37E5EAE89679}.Profile|Win32.Build.0 = Profile|Win32
		{3EA71BAE-8CD5-41BA-B061-37E5EAE89679}.Profile|x86.ActiveCfg = Profile|Win32
		{3EA71BAE-8CD5-41BA-B061-37E5EAE89679}.Release|Mixed Platforms.ActiveCfg = Release|Win32
		{3EA71BAE-8CD5-41BA-B061-37E5EAE89679}.Release|Mixed Platforms.Build.0 = Release|Win32
		{3EA71BAE-8CD5-41BA-B061-37E5EAE89679}.Release|Win32.ActiveCfg = Release|Win32
		{3EA71BAE-8CD5-41BA-B061-37E5EAE89679}.Release|Win32.Build.0 = Release|Win32
		{3EA71BAE-8CD5-41BA-B061-37E5EAE89679}.Release|x86.ActiveCfg = Release|Win32
		{05309A02-109A-40CD-B8C1-E9406A787DA0}.Debug|Mixed Platforms.ActiveCfg = Debug|Win32
		{05309A02-109A-40CD-B8C1-E9406A787DA0}.Debug|Mixed Platforms.Build.0 = Debug|Win32
		{05309A02-109A-40CD-B8C1-E9406A787DA0}.Debug|Win32.ActiveCfg = Debug|Win32
		{05309A02-109A-40CD-B8C1-E9406A787DA0}.Debug|Win32.Build.0 = Debug|Win32
		{05309A02-109A-40CD-B8C1-E9406A787DA0}.Debug|x86.ActiveCfg = Debug|Win32
		{05309A02-109A-40CD-B8C1-E9406A787DA0}.Profile|Mixed Platforms.ActiveCfg = Profile|Win32
		{05309A02-109A-40CD-B8C1-E9406A787DA0}.Profile|Mixed Platforms.Build.0 = Profile|Win32
		{05309A02-109A-40CD-B8C1-E9406A787DA0}.Profile|Win32.ActiveCfg = Profile|Win32
		{05309A02-109A-40CD-B8C1-E9406A787DA0}.Profile|Win32.Build.0 = Profile|Win32
		{05309A02-109A-40CD-B8C1-E9406A787DA0}.Profile|x86.ActiveCfg = Profile|Win32
		{05309A02-109A-40CD-B8C1-E9406A787DA0}.Release|Mixed Platforms.ActiveCfg = Release|Win32
		{05309A02-109A-40CD-B8C1-E9406A787DA0}.Release|Mixed Platforms.Build.0 = Release|Win32
		{05309A02-109A-40CD-B8C1-E9406A787DA0}.Release|Win32.ActiveCfg = Release|Win32
		{05309A02-109A-40CD-B8C1-E9406A787DA0}.Release|Win32.Build.0 = Release|Win32
		{05309A02-109A-40CD-B8C1-E9406A787DA0}.Release|x86.ActiveCfg = Release|Win32
		{83AE2AAE-6492-40FE-AFA2-E400C78C73F6}.Debug|Mixed Platforms.ActiveCfg = Debug|Win32
		{83AE2AAE-6492-40FE-AFA2-E400C78C73F6}.Debug|Mixed Platforms.Build.0 = Debug|Win32
		{83AE2AAE-6492-40FE-AFA2-E400C78C73F6}.Debug|Win32.ActiveCfg = Debug|Win32
		{83AE2AAE-6492-40FE-AFA2-E400C78C73F6}.Debug|Win32.Build.0 = Debug|Win32
		{83AE2AAE-6492-40FE-AFA2-E400C78C73F6}.Debug|x86.ActiveCfg = Debug|Win32
		{83AE2AAE-6492-40FE-AFA2-E400C78C73F6}.Profile|Mixed Platforms.ActiveCfg = Profile|Win32
		{83AE2AAE-6492-40FE-AFA2-E400C78C73F6}.Profile|Mixed Platforms.Build.0 = Profile|Win32
		{83AE2AAE-6492-40FE-AFA2-E400C78C73F6}.Profile|Win32.ActiveCfg = Profile|Win32
		{83AE2AAE-6492-40FE-AFA2-E400C78C73F6}.Profile|Win32.Build.0 = Profile|Win32
		{83AE2AAE-6492-40FE-AFA2-E400C78C73F6}.Profile|x86.ActiveCfg = Profile|Win32
		{83AE2AAE-6492-40FE-AFA2-E400C78C73F6}.Release|Mixed Platforms.ActiveCfg = Release|Win32
		{83AE2AAE-6492-40FE-AFA2-E400C78C73F6}.Release|Mixed Platforms.Build.0 = Release|Win32
		{83AE2AAE-6492-40FE-AFA2-E400C78C73F6}.Release|Win32.ActiveCfg = Release|Win32
		{83AE2AAE-6492-40FE-AFA2-E400C78C73F6}.Release|Win32.Build.0 = Release|Win32
		{83AE2AAE-6492-40FE-AFA2-E400C78C73F6}.Release|x86.ActiveCfg = Release|Win32
		{8B8250B2-CC66-4FA6-B080-D1962ECC82D8}.Debug|Mixed Platforms.ActiveCfg = Debug|Win32
		{8B8250B2-CC66-4FA6-B080-D1962ECC82D8}.Debug|Mixed Platforms.Build.0 = Debug|Win32
		{8B8250B2-CC66-4FA6-B080-D1962ECC82D8}.Debug|Win32.ActiveCfg = Debug|Win32
		{8B8250B2-CC66-4FA6-B080-D1962ECC82D8}.Debug|Win32.Build.0 = Debug|Win32
		{8B8250B2-CC66-4FA6-B080-D1962ECC82D8}.Debug|x86.ActiveCfg = Debug|Win32
		{8B8250B2-CC66-4FA6-B080-D1962ECC82D8}.Profile|Mixed Platforms.ActiveCfg = Profile|Win32
		{8B8250B2-CC66-4FA6-B080-D1962ECC82D8}.Profile|Mixed Platforms.Build.0 = Profile|Win32
		{8B8250B2-CC66-4FA6-B080-D1962ECC82D8}.Profile|Win32.ActiveCfg = Profile|Win32
		{8B8250B2-CC66-4FA6-B080-D1962ECC82D8}.Profile|Win32.Build.0 = Profile|Win32
		{8B8250B2-CC66-4FA6-B080-D1962ECC82D8}.Profile|x86.ActiveCfg = Profile|Win32
		{8B8250B2-CC66-4FA6-B080-D1962ECC82D8}.Release|Mixed Platforms.ActiveCfg = Release|Win32
		{8B8250B2-CC66-4FA6-B080-D1962ECC82D8}.Release|Mixed Platforms.Build.0 = Release|Win32
		{8B8250B2-CC66-4FA6-B080-D1962ECC82D8}.Release|Win32.ActiveCfg = Release|Win32
		{8B8250B2-CC66-4FA6-B080-D1962ECC82D8}.Release|Win32.Build.0 = Release|Win32
		{8B8250B2-CC66-4FA6-B080-D1962ECC82D8}.Release|x86.ActiveCfg = Release|Win32
		{31ADDFA8-7641-4DD9-ACBC-6528C171AA14}.Debug|Mixed Platforms.ActiveCfg = Debug|Win32
		{31ADDFA8-7641-4DD9-ACBC-6528C171AA14}.Debug|Mixed Platforms.Build.0 = Debug|Win32
		{31ADDFA8-7641-4DD9-ACBC-6528C171AA14}.Debug|Win32.ActiveCfg = Debug|Win32
		{31ADDFA8-7641-4DD9-ACBC-6528C171AA14}.Debug|Win32.Build.0 = Debug|Win32
		{31ADDFA8-7641-4DD9-ACBC-6528C171AA14}.Debug|x86.ActiveCfg = Debug|Win32
		{31ADDFA8-7641-4DD9-ACBC-6528C171AA14}.Profile|Mixed Platforms.ActiveCfg = Profile|Win32
		{31ADDFA8-7641-4DD9-ACBC-6528C171AA14}.Profile|Mixed Platforms.Build.0 = Profile|Win32
		{31ADDFA8-7641-4DD9-ACBC-6528C171AA14}.Profile|Win32.ActiveCfg = Profile|Win32
		{31ADDFA8-7641-4DD9-ACBC-6528C171AA14}.Profile|Win32.Build.0 = Profile|Win32
		{31ADDFA8-7641-4DD9-ACBC-6528C171AA14}.Profile|x86.ActiveCfg = Profile|Win32
		{31ADDFA8-7641-4DD9-ACBC-6528C171AA14}.Release|Mixed Platforms.ActiveCfg = Release|Win32
		{31ADDFA8-7641-4DD9-ACBC-6528C171AA14}.Release|Mixed Platforms.Build.0 = Release|Win32
		{31ADDFA8-7641-4DD9-ACBC-6528C171AA14}.Release|Win32.ActiveCfg = Release|Win32
		{31ADDFA8-7641-4DD9-ACBC-6528C171AA14}.Release|Win32.Build.0 = Release|Win32
		{31ADDFA8-7641-4DD9-ACBC-6528C171AA14}.Release|x86.ActiveCfg = Release|Win32
		{D78EE71B-8212-4481-B760-561CDCAAE070}.Debug|Mixed Platforms.ActiveCfg = Debug|Win32
		{D78EE71B-8212-4481-B760-561CDCAAE070}.Debug|Mixed Platforms.Build.0 = Debug|Win32
		{D78EE71B-8212-4481-B760-561CDCAAE070}.Debug|Win32.ActiveCfg = Debug|Win32
		{D78EE71B-8212-4481-B760-561CDCAAE070}.Debug|Win32.Build.0 = Debug|Win32
		{D78EE71B-8212-4481-B760-561CDCAAE070}.Debug|x86.ActiveCfg = Debug|Win32
		{D78EE71B-8212-4481-B760-561CDCAAE070}.Profile|Mixed Platforms.ActiveCfg = Profile|Win32
		{D78EE71B-8212-4481-B760-561CDCAAE070}.Profile|Mixed Platforms.Build.0 = Profile|Win32
		{D78EE71B-8212-4481-B760-561CDCAAE070}.Profile|Win32.ActiveCfg = Profile|Win32
		{D78EE71B-8212-4481-B760-561CDCAAE070}.Profile|Win32.Build.0 = Profile|Win32
		{D78EE71B-8212-4481-B760-561CDCAAE070}.Profile|x86.ActiveCfg = Profile|Win32
		{D78EE71B-8212-4481-B760-561CDCAAE070}.Release|Mixed Platforms.ActiveCfg = Release|Win32
		{D78EE71B-8212-4481-B760-561CDCAAE070}.Release|Mixed Platforms.Build.0 = Release|Win32
		{D78EE71B-8212-4481-B760-561CDCAAE070}.Release|Win32.ActiveCfg = Release|Win32
		{D78EE71B-8212-4481-B760-561CDCAAE070}.Release|Win32.Build.0 = Release|Win32
		{D78EE71B-8212-4481-B760-561CDCAAE070}.Release|x86.ActiveCfg = Release|Win32
		{46458F47-EED5-48F7-964A-B54ABF53F04C}.Debug|Mixed Platforms.ActiveCfg = Debug|Win32
		{46458F47-EED5-48F7-964A-B54ABF53F04C}.Debug|Mixed Platforms.Build.0 = Debug|Win32
		{46458F47-EED5-48F7-964A-B54ABF53F04C}.Debug|Win32.ActiveCfg = Debug|Win32
		{46458F47-EED5-48F7-964A-B54ABF53F04C}.Debug|Win32.Build.0 = Debug|Win32
		{46458F47-EED5-48F7-964A-B54ABF53F04C}.Debug|x86.ActiveCfg = Debug|Win32
		{46458F47-EED5-48F7-964A-B54ABF53F04C}.Profile|Mixed Platforms.ActiveCfg = Profile|Win32
		{46458F47-EED5-48F7-964A-B54ABF53F04C}.Profile|Mixed Platforms.Build.0 = Profile|Win32
		{46458F47-EED5-48F7-964A-B54ABF53F04C}.Profile|Win32.ActiveCfg = Profile|Win32
		{46458F47-EED5-48F7-964A-B54ABF53F04C}.Profile|Win32.Build.0 = Profile|Win32
		{46458F47-EED5-48F7-964A-B54ABF53F04C}.Profile|x86.ActiveCfg = Profile|Win32
		{46458F47-EED5-48F7-964A-B54ABF53F04C}.Release|Mixed Platforms.ActiveCfg = Release|Win32
		{46458F47-EED5-48F7-964A-B54ABF53F04C}.Release|Mixed Platforms.Build.0 = Release|Win32
		{46458F47-EED5-48F7-964A-B54ABF53F04C}.Release|Win32.ActiveCfg = Release|Win32
		{46458F47-EED5-48F7-964A-B54ABF53F04C}.Release|Win32.Build.0 = Release|Win32
		{46458F47-EED5-48F7-964A-B54ABF53F04C}.Release|x86.ActiveCfg = Release|Win32
		{F5961F37-597F-42CA-9794-81B15D9BC50E}.Debug|Mixed Platforms.ActiveCfg = Debug|Win32
		{F5961F37-597F-42CA-9794-81B15D9BC50E}.Debug|Mixed Platforms.Build.0 = Debug|Win32
		{F5961F37-597F-42CA-9794-81B15D9BC50E}.Debug|Win32.ActiveCfg = Debug|Win32
		{F5961F37-597F-42CA-9794-81B15D9BC50E}.Debug|Win32.Build.0 = Debug|Win32
		{F5961F37-597F-42CA-9794-81B15D9BC50E}.Debug|x86.ActiveCfg = Debug|Win32
		{F5961F37-597F-42CA-9794-81B15D9BC50E}.Profile|Mixed Platforms.ActiveCfg = Profile|Win32
		{F5961F37-597F-42CA-9794-81B15D9BC50E}.Profile|Mixed Platforms.Build.0 = Profile|Win32
		{F5961F37-597F-42CA-9794-81B15D9BC50E}.Profile|Win32.ActiveCfg = Profile|Win32
		{F5961F37-597F-42CA-9794-81B15D9BC50E}.Profile|Win32.Build.0 = Profile|Win32
		{F5961F37-597F-42CA-9794-81B15D9BC50E}.Profile|x86.ActiveCfg = Profile|Win32
		{F5961F37-597F-42CA-9794-81B15D9BC50E}.Release|Mixed Platforms.ActiveCfg = Release|Win32
		{F5961F37-597F-42CA-9794-81B15D9BC50E}.Release|Mixed Platforms.Build.0 = Release|Win32
		{F5961F37-597F-42CA-9794-81B15D9BC50E}.Release|Win32.ActiveCfg = Release|Win32
		{F5961F37-597F-42CA-9794-81B15D9BC50E}.Release|Win32.Build.0 = Release|Win32
		{F5961F37-597F-42CA-9794-81B15D9BC50E}.Release|x86.ActiveCfg = Release|Win32
		{73827849-77DE-4EA4-B2F2-B6951775F8BF}.Debug|Mixed Platforms.ActiveCfg = Debug|Win32
		{73827849-77DE-4EA4-B2F2-B6951775F8BF}.Debug|Mixed Platforms.Build.0 = Debug|Win32
		{73827849-77DE-4EA4-B2F2-B6951775F8BF}.Debug|Win32.ActiveCfg = Debug|Win32
		{73827849-77DE-4EA4-B2F2-B6951775F8BF}.Debug|Win32.Build.0 = Debug|Win32
		{73827849-77DE-4EA4-B2F2-B6951775F8BF}.Debug|x86.ActiveCfg = Debug|Win32
		{73827849-77DE-4EA4-B2F2-B6951775F8BF}.Profile|Mixed Platforms.ActiveCfg = Profile|Win32
		{73827849-77DE-4EA4-B2F2-B6951775F8BF}.Profile|Mixed Platforms.Build.0 = Profile|Win32
		{73827849-77DE-4EA4-B2F2-B6951775F8BF}.Profile|Win32.ActiveCfg = Profile|Win32
		{73827849-77DE-4EA4-B2F2-B6951775F8BF}.Profile|Win32.Build.0 = Profile|Win32
		{73827849-77DE-4EA4-B2F2-B6951775F8BF}.Profile|x86.ActiveCfg = Profile|Win32
		{73827849-77DE-4EA4-B2F2-B6951775F8BF}.Release|Mixed Platforms.ActiveCfg = Release|Win32
		{73827849-77DE-4EA4-B2F2-B6951775F8BF}.Release|Mixed Platforms.Build.0 = Release|Win32
		{73827849-77DE-4EA4-B2F2-B6951775F8BF}.Release|Win32.ActiveCfg = Release|Win32
		{73827849-77DE-4EA4-B2F2-B6951775F8BF}.Release|Win32.Build.0 = Release|Win32
		{73827849-77DE-4EA4-B2F2-B6951775F8BF}.Release|x86.ActiveCfg = Release|Win32
		{DB8354B2-C927-4663-B8E0-E3E86B6AAC47}.Debug|Mixed Platforms.ActiveCfg = Debug|Win32
		{DB8354B2-C927-4663-B8E0-E3E86B6AAC47}.Debug|Mixed Platforms.Build.0 = Debug|Win32
		{DB8354B2-C927-4663-B8E0-E3E86B6AAC47}.Debug|Win32.ActiveCfg = Debug|Win32
		{DB8354B2-C927-4663-B8E0-E3E86B6AAC47}.Debug|Win32.Build.0 = Debug|Win32
		{DB8354B2-C927-4663-B8E0-E3E86B6AAC47}.Debug|x86.ActiveCfg = Debug|Win32
		{DB8354B2-C927-4663-B8E0-E3E86B6AAC47}.Profile|Mixed Platforms.ActiveCfg = Profile|Win32
		{DB8354B2-C927-4663-B8E0-E3E86B6AAC47}.Profile|Mixed Platforms.Build.0 = Profile|Win32
		{DB8354B2-C927-4663-B8E0-E3E86B6AAC47}.Profile|Win32.ActiveCfg = Profile|Win32
		{DB8354B2-C927-4663-B8E0-E3E86B6AAC47}.Profile|Win32.Build.0 = Profile|Win32
		{DB8354B2-C927-4663-B8E0-E3E86B6AAC47}.Profile|x86.ActiveCfg = Profile|Win32
		{DB8354B2-C927-4663-B8E0-E3E86B6AAC47}.Release|Mixed Platforms.ActiveCfg = Release|Win32
		{DB8354B2-C927-4663-B8E0-E3E86B6AAC47}.Release|Mixed Platforms.Build.0 = Release|Win32
		{DB8354B2-C927-4663-B8E0-E3E86B6AAC47}.Release|Win32.ActiveCfg = Release|Win32
		{DB8354B2-C927-4663-B8E0-E3E86B6AAC47}.Release|Win32.Build.0 = Release|Win32
		{DB8354B2-C927-4663-B8E0-E3E86B6AAC47}.Release|x86.ActiveCfg = Release|Win32
		{61D9C491-888B-4356-A3E8-6412FBB1D53F}.Debug|Mixed Platforms.ActiveCfg = Debug|Win32
		{61D9C491-888B-4356-A3E8-6412FBB1D53F}.Debug|Mixed Platforms.Build.0 = Debug|Win32
		{61D9C491-888B-4356-A3E8-6412FBB1D53F}.Debug|Win32.ActiveCfg = Debug|Win32
		{61D9C491-888B-4356-A3E8-6412FBB1D53F}.Debug|Win32.Build.0 = Debug|Win32
		{61D9C491-888B-4356-A3E8-6412FBB1D53F}.Debug|x86.ActiveCfg = Debug|Win32
		{61D9C491-888B-4356-A3E8-6412FBB1D53F}.Profile|Mixed Platforms.ActiveCfg = Profile|Win32
		{61D9C491-888B-4356-A3E8-6412FBB1D53F}.Profile|Mixed Platforms.Build.0 = Profile|Win32
		{61D9C491-888B-4356-A3E8-6412FBB1D53F}.Profile|Win32.ActiveCfg = Profile|Win32
		{61D9C491-888B-4356-A3E8-6412FBB1D53F}.Profile|Win32.Build.0 = Profile|Win32
		{61D9C491-888B-4356-A3E8-6412FBB1D53F}.Profile|x86.ActiveCfg = Profile|Win32
		{61D9C491-888B-4356-A3E8-6412FBB1D53F}.Release|Mixed Platforms.ActiveCfg = Release|Win32
		{61D9C491-888B-4356-A3E8-6412FBB1D53F}.Release|Mixed Platforms.Build.0 = Release|Win32
		{61D9C491-888B-4356-A3E8-6412FBB1D53F}.Release|Win32.ActiveCfg = Release|Win32
		{61D9C491-888B-4356-A3E8-6412FBB1D53F}.Release|Win32.Build.0 = Release|Win32
		{61D9C491-888B-4356-A3E8-6412FBB1D53F}.Release|x86.ActiveCfg = Release|Win32
		{E2CBC4AF-3762-45FD-991B-36E6D96A7FA1}.Debug|Mixed Platforms.ActiveCfg = Debug|Win32
		{E2CBC4AF-3762-45FD-991B-36E6D96A7FA1}.Debug|Mixed Platforms.Build.0 = Debug|Win32
		{E2CBC4AF-3762-45FD-991B-36E6D96A7FA1}.Debug|Win32.ActiveCfg = Debug|Win32
		{E2CBC4AF-3762-45FD-991B-36E6D96A7FA1}.Debug|Win32.Build.0 = Debug|Win32
		{E2CBC4AF-3762-45FD-991B-36E6D96A7FA1}.Debug|x86.ActiveCfg = Debug|Win32
		{E2CBC4AF-3762-45FD-991B-36E6D96A7FA1}.Profile|Mixed Platforms.ActiveCfg = Profile|Win32
		{E2CBC4AF-3762-45FD-991B-36E6D96A7FA1}.Profile|Mixed Platforms.Build.0 = Profile|Win32
		{E2CBC4AF-3762-45FD-991B-36E6D96A7FA1}.Profile|Win32.ActiveCfg = Profile|Win32
		{E2CBC4AF-3762-45FD-991B-36E6D96A7FA1}.Profile|Win32.Build.0 = Profile|Win32
		{E2CBC4AF-3762-45FD-991B-36E6D96A7FA1}.Profile|x86.ActiveCfg = Profile|Win32
		{E2CBC4AF-3762-45FD-991B-36E6D96A7FA1}.Release|Mixed Platforms.ActiveCfg = Release|Win32
		{E2CBC4AF-3762-45FD-991B-36E6D96A7FA1}.Release|Mixed Platforms.Build.0 = Release|Win32
		{E2CBC4AF-3762-45FD-991B-36E6D96A7FA1}.Release|Win32.ActiveCfg = Release|Win32
		{E2CBC4AF-3762-45FD-991B-36E6D96A7FA1}.Release|Win32.Build.0 = Release|Win32
		{E2CBC4AF-3762-45FD-991B-36E6D96A7FA1}.Release|x86.ActiveCfg = Release|Win32
		{873D6643-F7B7-4E97-8D77-A943FABF9958}.Debug|Mixed Platforms.ActiveCfg = Debug|Win32
		{873D6643-F7B7-4E97-8D77-A943FABF9958}.Debug|Mixed Platforms.Build.0 = Debug|Win32
		{873D6643-F7B7-4E97-8D77-A943FABF9958}.Debug|Win32.ActiveCfg = Debug|Win32
		{873D6643-F7B7-4E97-8D77-A943FABF9958}.Debug|Win32.Build.0 = Debug|Win32
		{873D6643-F7B7-4E97-8D77-A943FABF9958}.Debug|x86.ActiveCfg = Debug|Win32
		{873D6643-F7B7-4E97-8D77-A943FABF9958}.Profile|Mixed Platforms.ActiveCfg = Profile|Win32
		{873D6643-F7B7-4E97-8D77-A943FABF9958}.Profile|Mixed Platforms.Build.0 = Profile|Win32
		{873D6643-F7B7-4E97-8D77-A943FABF9958}.Profile|Win32.ActiveCfg = Profile|Win32
		{873D6643-F7B7-4E97-8D77-A943FABF9958}.Profile|Win32.Build.0 = Profile|Win32
		{873D6643-F7B7-4E97-8D77-A943FABF9958}.Profile|x86.ActiveCfg = Profile|Win32
		{873D6643-F7B7-4E97-8D77-A943FABF9958}.Release|Mixed Platforms.ActiveCfg = Release|Win32
		{873D6643-F7B7-4E97-8D77-A943FABF9958}.Release|Mixed Platforms.Build.0 = Release|Win32
		{873D6643-F7B7-4E97-8D77-A943FABF9958}.Release|Win32.ActiveCfg = Release|Win32
		{873D6643-F7B7-4E97-8D77-A943FABF9958}.Release|Win32.Build.0 = Release|Win32
		{873D6643-F7B7-4E97-8D77-A943FABF9958}.Release|x86.ActiveCfg = Release|Win32
		{B8FB80C0-B013-4234-AA07-44148DB9C30E}.Debug|Mixed Platforms.ActiveCfg = Debug|Win32
		{B8FB80C0-B013-4234-AA07-44148DB9C30E}.Debug|Mixed Platforms.Build.0 = Debug|Win32
		{B8FB80C0-B013-4234-AA07-44148DB9C30E}.Debug|Win32.ActiveCfg = Debug|Win32
		{B8FB80C0-B013-4234-AA07-44148DB9C30E}.Debug|Win32.Build.0 = Debug|Win32
		{B8FB80C0-B013-4234-AA07-44148DB9C30E}.Debug|x86.ActiveCfg = Debug|Win32
		{B8FB80C0-B013-4234-AA07-44148DB9C30E}.Profile|Mixed Platforms.ActiveCfg = Profile|Win32
		{B8FB80C0-B013-4234-AA07-44148DB9C30E}.Profile|Mixed Platforms.Build.0 = Profile|Win32
		{B8FB80C0-B013-4234-AA07-44148DB9C30E}.Profile|Win32.ActiveCfg = Profile|Win32
		{B8FB80C0-B013-4234-AA07-44148DB9C30E}.Profile|Win32.Build.0 = Profile|Win32
		{B8FB80C0-B013-4234-AA07-44148DB9C30E}.Profile|x86.ActiveCfg = Profile|Win32
		{B8FB80C0-B013-4234-AA07-44148DB9C30E}.Release|Mixed Platforms.ActiveCfg = Release|Win32
		{B8FB80C0-B013-4234-AA07-44148DB9C30E}.Release|Mixed Platforms.Build.0 = Release|Win32
		{B8FB80C0-B013-4234-AA07-44148DB9C30E}.Release|Win32.ActiveCfg = Release|Win32
		{B8FB80C0-B013-4234-AA07-44148DB9C30E}.Release|Win32.Build.0 = Release|Win32
		{B8FB80C0-B013-4234-AA07-44148DB9C30E}.Release|x86.ActiveCfg = Release|Win32
		{5308E2E9-23F1-4828-9498-A06B1823046B}.Debug|Mixed Platforms.ActiveCfg = Debug|Win32
		{5308E2E9-23F1-4828-9498-A06B1823046B}.Debug|Mixed Platforms.Build.0 = Debug|Win32
		{5308E2E9-23F1-4828-9498-A06B1823046B}.Debug|Win32.ActiveCfg = Debug|Win32
		{5308E2E9-23F1-4828-9498-A06B1823046B}.Debug|Win32.Build.0 = Debug|Win32
		{5308E2E9-23F1-4828-9498-A06B1823046B}.Debug|x86.ActiveCfg = Debug|Win32
		{5308E2E9-23F1-4828-9498-A06B1823046B}.Profile|Mixed Platforms.ActiveCfg = Profile|Win32
		{5308E2E9-23F1-4828-9498-A06B1823046B}.Profile|Mixed Platforms.Build.0 = Profile|Win32
		{5308E2E9-23F1-4828-9498-A06B1823046B}.Profile|Win32.ActiveCfg = Profile|Win32
		{5308E2E9-23F1-4828-9498-A06B1823046B}.Profile|Win32.Build.0 = Profile|Win32
		{5308E2E9-23F1-4828-9498-A06B1823046B}.Profile|x86.ActiveCfg = Profile|Win32
		{5308E2E9-23F1-4828-9498-A06B1823046B}.Release|Mixed Platforms.ActiveCfg = Release|Win32
		{5308E2E9-23F1-4828-9498-A06B1823046B}.Release|Mixed Platforms.Build.0 = Release|Win32
		{5308E2E9-23F1-4828-9498-A06B1823046B}.Release|Win32.ActiveCfg = Release|Win32
		{5308E2E9-23F1-4828-9498-A06B1823046B}.Release|Win32.Build.0 = Release|Win32
		{5308E2E9-23F1-4828-9498-A06B1823046B}.Release|x86.ActiveCfg = Release|Win32
		{14C1F2F8-8287-4A0D-A343-B1DA4BF8AD44}.Debug|Mixed Platforms.ActiveCfg = Debug|Win32
		{14C1F2F8-8287-4A0D-A343-B1DA4BF8AD44}.Debug|Mixed Platforms.Build.0 = Debug|Win32
		{14C1F2F8-8287-4A0D-A343-B1DA4BF8AD44}.Debug|Win32.ActiveCfg = Debug|Win32
		{14C1F2F8-8287-4A0D-A343-B1DA4BF8AD44}.Debug|Win32.Build.0 = Debug|Win32
		{14C1F2F8-8287-4A0D-A343-B1DA4BF8AD44}.Debug|x86.ActiveCfg = Debug|Win32
		{14C1F2F8-8287-4A0D-A343-B1DA4BF8AD44}.Profile|Mixed Platforms.ActiveCfg = Profile|Win32
		{14C1F2F8-8287-4A0D-A343-B1DA4BF8AD44}.Profile|Mixed Platforms.Build.0 = Profile|Win32
		{14C1F2F8-8287-4A0D-A343-B1DA4BF8AD44}.Profile|Win32.ActiveCfg = Profile|Win32
		{14C1F2F8-8287-4A0D-A343-B1DA4BF8AD44}.Profile|Win32.Build.0 = Profile|Win32
		{14C1F2F8-8287-4A0D-A343-B1DA4BF8AD44}.Profile|x86.ActiveCfg = Profile|Win32
		{14C1F2F8-8287-4A0D-A343-B1DA4BF8AD44}.Release|Mixed Platforms.ActiveCfg = Release|Win32
		{14C1F2F8-8287-4A0D-A343-B1DA4BF8AD44}.Release|Mixed Platforms.Build.0 = Release|Win32
		{14C1F2F8-8287-4A0D-A343-B1DA4BF8AD44}.Release|Win32.ActiveCfg = Release|Win32
		{14C1F2F8-8287-4A0D-A343-B1DA4BF8AD44}.Release|Win32.Build.0 = Release|Win32
		{14C1F2F8-8287-4A0D-A343-B1DA4BF8AD44}.Release|x86.ActiveCfg = Release|Win32
		{C25E794E-9644-4026-8E89-EF644C12498F}.Debug|Mixed Platforms.ActiveCfg = Debug|Win32
		{C25E794E-9644-4026-8E89-EF644C12498F}.Debug|Mixed Platforms.Build.0 = Debug|Win32
		{C25E794E-9644-4026-8E89-EF644C12498F}.Debug|Win32.ActiveCfg = Debug|Win32
		{C25E794E-9644-4026-8E89-EF644C12498F}.Debug|Win32.Build.0 = Debug|Win32
		{C25E794E-9644-4026-8E89-EF644C12498F}.Debug|x86.ActiveCfg = Debug|Win32
		{C25E794E-9644-4026-8E89-EF644C12498F}.Profile|Mixed Platforms.ActiveCfg = Profile|Win32
		{C25E794E-9644-4026-8E89-EF644C12498F}.Profile|Mixed Platforms.Build.0 = Profile|Win32
		{C25E794E-9644-4026-8E89-EF644C12498F}.Profile|Win32.ActiveCfg = Profile|Win32
		{C25E794E-9644-4026-8E89-EF644C12498F}.Profile|Win32.Build.0 = Profile|Win32
		{C25E794E-9644-4026-8E89-EF644C12498F}.Profile|x86.ActiveCfg = Profile|Win32
		{C25E794E-9644-4026-8E89-EF644C12498F}.Release|Mixed Platforms.ActiveCfg = Release|Win32
		{C25E794E-9644-4026-8E89-EF644C12498F}.Release|Mixed Platforms.Build.0 = Release|Win32
		{C25E794E-9644-4026-8E89-EF644C12498F}.Release|Win32.ActiveCfg = Release|Win32
		{C25E794E-9644-4026-8E89-EF644C12498F}.Release|Win32.Build.0 = Release|Win32
		{C25E794E-9644-4026-8E89-EF644C12498F}.Release|x86.ActiveCfg = Release|Win32
		{46BEE6E1-4C7E-4D7A-AD87-1597BBA60DE9}.Debug|Mixed Platforms.ActiveCfg = Debug|Win32
		{46BEE6E1-4C7E-4D7A-AD87-1597BBA60DE9}.Debug|Mixed Platforms.Build.0 = Debug|Win32
		{46BEE6E1-4C7E-4D7A-AD87-1597BBA60DE9}.Debug|Win32.ActiveCfg = Debug|Win32
		{46BEE6E1-4C7E-4D7A-AD87-1597BBA60DE9}.Debug|Win32.Build.0 = Debug|Win32
		{46BEE6E1-4C7E-4D7A-AD87-1597BBA60DE9}.Debug|x86.ActiveCfg = Debug|Win32
		{46BEE6E1-4C7E-4D7A-AD87-1597BBA60DE9}.Profile|Mixed Platforms.ActiveCfg = Profile|Win32
		{46BEE6E1-4C7E-4D7A-AD87-1597BBA60DE9}.Profile|Mixed Platforms.Build.0 = Profile|Win32
		{46BEE6E1-4C7E-4D7A-AD87-1597BBA60DE9}.Profile|Win32.ActiveCfg = Profile|Win32
		{46BEE6E1-4C7E-4D7A-AD87-1597BBA60DE9}.Profile|Win32.Build.0 = Profile|Win32
		{46BEE6E1-4C7E-4D7A-AD87-1597BBA60DE9}.Profile|x86.ActiveCfg = Profile|Win32
		{46BEE6E1-4C7E-4D7A-AD87-1597BBA60DE9}.Release|Mixed Platforms.ActiveCfg = Release|Win32
		{46BEE6E1-4C7E-4D7A-AD87-1597BBA60DE9}.Release|Mixed Platforms.Build.0 = Release|Win32
		{46BEE6E1-4C7E-4D7A-AD87-1597BBA60DE9}.Release|Win32.ActiveCfg = Release|Win32
		{46BEE6E1-4C7E-4D7A-AD87-1597BBA60DE9}.Release|Win32.Build.0 = Release|Win32
		{46BEE6E1-4C7E-4D7A-AD87-1597BBA60DE9}.Release|x86.ActiveCfg = Release|Win32
		{197E9B02-8E72-4865-B61C-7023E639CFED}.Debug|Mixed Platforms.ActiveCfg = Debug|Win32
		{197E9B02-8E72-4865-B61C-7023E639CFED}.Debug|Mixed Platforms.Build.0 = Debug|Win32
		{197E9B02-8E72-4865-B61C-7023E639CFED}.Debug|Win32.ActiveCfg = Debug|Win32
		{197E9B02-8E72-4865-B61C-7023E639CFED}.Debug|Win32.Build.0 = Debug|Win32
		{197E9B02-8E72-4865-B61C-7023E639CFED}.Debug|x86.ActiveCfg = Debug|Win32
		{197E9B02-8E72-4865-B61C-7023E639CFED}.Profile|Mixed Platforms.ActiveCfg = Profile|Win32
		{197E9B02-8E72-4865-B61C-7023E639CFED}.Profile|Mixed Platforms.Build.0 = Profile|Win32
		{197E9B02-8E72-4865-B61C-7023E639CFED}.Profile|Win32.ActiveCfg = Profile|Win32
		{197E9B02-8E72-4865-B61C-7023E639CFED}.Profile|Win32.Build.0 = Profile|Win32
		{197E9B02-8E72-4865-B61C-7023E639CFED}.Profile|x86.ActiveCfg = Profile|Win32
		{197E9B02-8E72-4865-B61C-7023E639CFED}.Release|Mixed Platforms.ActiveCfg = Release|Win32
		{197E9B02-8E72-4865-B61C-7023E639CFED}.Release|Mixed Platforms.Build.0 = Release|Win32
		{197E9B02-8E72-4865-B61C-7023E639CFED}.Release|Win32.ActiveCfg = Release|Win32
		{197E9B02-8E72-4865-B61C-7023E639CFED}.Release|Win32.Build.0 = Release|Win32
		{197E9B02-8E72-4865-B61C-7023E639CFED}.Release|x86.ActiveCfg = Release|Win32
		{CEF82E76-15F9-4BFF-8211-8B17BBA06217}.Debug|Mixed Platforms.ActiveCfg = Debug|Win32
		{CEF82E76-15F9-4BFF-8211-8B17BBA06217}.Debug|Mixed Platforms.Build.0 = Debug|Win32
		{CEF82E76-15F9-4BFF-8211-8B17BBA06217}.Debug|Win32.ActiveCfg = Debug|Win32
		{CEF82E76-15F9-4BFF-8211-8B17BBA06217}.Debug|Win32.Build.0 = Debug|Win32
		{CEF82E76-15F9-4BFF-8211-8B17BBA06217}.Debug|x86.ActiveCfg = Debug|Win32
		{CEF82E76-15F9-4BFF-8211-8B17BBA06217}.Profile|Mixed Platforms.ActiveCfg = Profile|Win32
		{CEF82E76-15F9-4BFF-8211-8B17BBA06217}.Profile|Mixed Platforms.Build.0 = Profile|Win32
		{CEF82E76-15F9-4BFF-8211-8B17BBA06217}.Profile|Win32.ActiveCfg = Profile|Win32
		{CEF82E76-15F9-4BFF-8211-8B17BBA06217}.Profile|Win32.Build.0 = Profile|Win32
		{CEF82E76-15F9-4BFF-8211-8B17BBA06217}.Profile|x86.ActiveCfg = Profile|Win32
		{CEF82E76-15F9-4BFF-8211-8B17BBA06217}.Release|Mixed Platforms.ActiveCfg = Release|Win32
		{CEF82E76-15F9-4BFF-8211-8B17BBA06217}.Release|Mixed Platforms.Build.0 = Release|Win32
		{CEF82E76-15F9-4BFF-8211-8B17BBA06217}.Release|Win32.ActiveCfg = Release|Win32
		{CEF82E76-15F9-4BFF-8211-8B17BBA06217}.Release|Win32.Build.0 = Release|Win32
		{CEF82E76-15F9-4BFF-8211-8B17BBA06217}.Release|x86.ActiveCfg = Release|Win32
		{65D370DD-B3C4-4FDF-BE86-D54EF0AA3075}.Debug|Mixed Platforms.ActiveCfg = Debug|Win32
		{65D370DD-B3C4-4FDF-BE86-D54EF0AA3075}.Debug|Mixed Platforms.Build.0 = Debug|Win32
		{65D370DD-B3C4-4FDF-BE86-D54EF0AA3075}.Debug|Win32.ActiveCfg = Debug|Win32
		{65D370DD-B3C4-4FDF-BE86-D54EF0AA3075}.Debug|Win32.Build.0 = Debug|Win32
		{65D370DD-B3C4-4FDF-BE86-D54EF0AA3075}.Debug|x86.ActiveCfg = Debug|Win32
		{65D370DD-B3C4-4FDF-BE86-D54EF0AA3075}.Profile|Mixed Platforms.ActiveCfg = Profile|Win32
		{65D370DD-B3C4-4FDF-BE86-D54EF0AA3075}.Profile|Mixed Platforms.Build.0 = Profile|Win32
		{65D370DD-B3C4-4FDF-BE86-D54EF0AA3075}.Profile|Win32.ActiveCfg = Profile|Win32
		{65D370DD-B3C4-4FDF-BE86-D54EF0AA3075}.Profile|Win32.Build.0 = Profile|Win32
		{65D370DD-B3C4-4FDF-BE86-D54EF0AA3075}.Profile|x86.ActiveCfg = Profile|Win32
		{65D370DD-B3C4-4FDF-BE86-D54EF0AA3075}.Release|Mixed Platforms.ActiveCfg = Release|Win32
		{65D370DD-B3C4-4FDF-BE86-D54EF0AA3075}.Release|Mixed Platforms.Build.0 = Release|Win32
		{65D370DD-B3C4-4FDF-BE86-D54EF0AA3075}.Release|Win32.ActiveCfg = Release|Win32
		{65D370DD-B3C4-4FDF-BE86-D54EF0AA3075}.Release|Win32.Build.0 = Release|Win32
		{65D370DD-B3C4-4FDF-BE86-D54EF0AA3075}.Release|x86.ActiveCfg = Release|Win32
		{03C482E9-1BF6-4740-B96A-2290FEA1B62F}.Debug|Mixed Platforms.ActiveCfg = Debug|Win32
		{03C482E9-1BF6-4740-B96A-2290FEA1B62F}.Debug|Mixed Platforms.Build.0 = Debug|Win32
		{03C482E9-1BF6-4740-B96A-2290FEA1B62F}.Debug|Win32.ActiveCfg = Debug|Win32
		{03C482E9-1BF6-4740-B96A-2290FEA1B62F}.Debug|Win32.Build.0 = Debug|Win32
		{03C482E9-1BF6-4740-B96A-2290FEA1B62F}.Debug|x86.ActiveCfg = Debug|Win32
		{03C482E9-1BF6-4740-B96A-2290FEA1B62F}.Profile|Mixed Platforms.ActiveCfg = Profile|Win32
		{03C482E9-1BF6-4740-B96A-2290FEA1B62F}.Profile|Mixed Platforms.Build.0 = Profile|Win32
		{03C482E9-1BF6-4740-B96A-2290FEA1B62F}.Profile|Win32.ActiveCfg = Profile|Win32
		{03C482E9-1BF6-4740-B96A-2290FEA1B62F}.Profile|Win32.Build.0 = Profile|Win32
		{03C482E9-1BF6-4740-B96A-2290FEA1B62F}.Profile|x86.ActiveCfg = Profile|Win32
		{03C482E9-1BF6-4740-B96A-2290FEA1B62F}.Release|Mixed Platforms.ActiveCfg = Release|Win32
		{03C482E9-1BF6-4740-B96A-2290FEA1B62F}.Release|Mixed Platforms.Build.0 = Release|Win32
		{03C482E9-1BF6-4740-B96A-2290FEA1B62F}.Release|Win32.ActiveCfg = Release|Win32
		{03C482E9-1BF6-4740-B96A-2290FEA1B62F}.Release|Win32.Build.0 = Release|Win32
		{03C482E9-1BF6-4740-B96A-2290FEA1B62F}.Release|x86.ActiveCfg = Release|Win32
		{734EE029-1956-4991-BD93-FA1FAE60CA4D}.Debug|Mixed Platforms.ActiveCfg = Debug|Win32
		{734EE029-1956-4991-BD93-FA1FAE60CA4D}.Debug|Mixed Platforms.Build.0 = Debug|Win32
		{734EE029-1956-4991-BD93-FA1FAE60CA4D}.Debug|Win32.ActiveCfg = Debug|Win32
		{734EE029-1956-4991-BD93-FA1FAE60CA4D}.Debug|Win32.Build.0 = Debug|Win32
		{734EE029-1956-4991-BD93-FA1FAE60CA4D}.Debug|x86.ActiveCfg = Debug|Win32
		{734EE029-1956-4991-BD93-FA1FAE60CA4D}.Profile|Mixed Platforms.ActiveCfg = Release|Win32
		{734EE029-1956-4991-BD93-FA1FAE60CA4D}.Profile|Mixed Platforms.Build.0 = Release|Win32
		{734EE029-1956-4991-BD93-FA1FAE60CA4D}.Profile|Win32.ActiveCfg = Release|Win32
		{734EE029-1956-4991-BD93-FA1FAE60CA4D}.Profile|Win32.Build.0 = Release|Win32
		{734EE029-1956-4991-BD93-FA1FAE60CA4D}.Profile|x86.ActiveCfg = Release|Win32
		{734EE029-1956-4991-BD93-FA1FAE60CA4D}.Release|Mixed Platforms.ActiveCfg = Release|Win32
		{734EE029-1956-4991-BD93-FA1FAE60CA4D}.Release|Mixed Platforms.Build.0 = Release|Win32
		{734EE029-1956-4991-BD93-FA1FAE60CA4D}.Release|Win32.ActiveCfg = Release|Win32
		{734EE029-1956-4991-BD93-FA1FAE60CA4D}.Release|Win32.Build.0 = Release|Win32
		{734EE029-1956-4991-BD93-FA1FAE60CA4D}.Release|x86.ActiveCfg = Release|Win32
		{432DAD6F-7572-4F27-B222-23F9E2994CD2}.Debug|Mixed Platforms.ActiveCfg = Debug|Win32
		{432DAD6F-7572-4F27-B222-23F9E2994CD2}.Debug|Mixed Platforms.Build.0 = Debug|Win32
		{432DAD6F-7572-4F27-B222-23F9E2994CD2}.Debug|Win32.ActiveCfg = Debug|Win32
		{432DAD6F-7572-4F27-B222-23F9E2994CD2}.Debug|Win32.Build.0 = Debug|Win32
		{432DAD6F-7572-4F27-B222-23F9E2994CD2}.Debug|x86.ActiveCfg = Debug|Win32
		{432DAD6F-7572-4F27-B222-23F9E2994CD2}.Profile|Mixed Platforms.ActiveCfg = Release|Win32
		{432DAD6F-7572-4F27-B222-23F9E2994CD2}.Profile|Mixed Platforms.Build.0 = Release|Win32
		{432DAD6F-7572-4F27-B222-23F9E2994CD2}.Profile|Win32.ActiveCfg = Profile|Win32
		{432DAD6F-7572-4F27-B222-23F9E2994CD2}.Profile|Win32.Build.0 = Profile|Win32
		{432DAD6F-7572-4F27-B222-23F9E2994CD2}.Profile|x86.ActiveCfg = Release|Win32
		{432DAD6F-7572-4F27-B222-23F9E2994CD2}.Release|Mixed Platforms.ActiveCfg = Release|Win32
		{432DAD6F-7572-4F27-B222-23F9E2994CD2}.Release|Mixed Platforms.Build.0 = Release|Win32
		{432DAD6F-7572-4F27-B222-23F9E2994CD2}.Release|Win32.ActiveCfg = Release|Win32
		{432DAD6F-7572-4F27-B222-23F9E2994CD2}.Release|Win32.Build.0 = Release|Win32
		{432DAD6F-7572-4F27-B222-23F9E2994CD2}.Release|x86.ActiveCfg = Release|Win32
	EndGlobalSection
	GlobalSection(SolutionProperties) = preSolution
		HideSolutionNode = FALSE
	EndGlobalSection
	GlobalSection(NestedProjects) = preSolution
		{62C15516-56BC-4420-A222-85E656CE5A3C} = {0E9E3360-A145-420D-AD2C-EC86CE9BE666}
		{F32D1582-9B6A-4A64-97E9-B5F9A670D0BB} = {0E9E3360-A145-420D-AD2C-EC86CE9BE666}
		{957DAABD-BEF8-411B-8502-AA18C926DB06} = {0E9E3360-A145-420D-AD2C-EC86CE9BE666}
		{746D8DC2-6AE7-4092-8D11-1DB42C30CE54} = {0E9E3360-A145-420D-AD2C-EC86CE9BE666}
		{7C8885E6-D8CF-4703-AD16-46E7694AD9BF} = {0E9E3360-A145-420D-AD2C-EC86CE9BE666}
		{7A3D1FCB-F9F2-49ED-A952-46D0F2E51BDE} = {0E9E3360-A145-420D-AD2C-EC86CE9BE666}
		{1470171E-7B11-4D7D-B470-8D9EDD9BAFA6} = {0E9E3360-A145-420D-AD2C-EC86CE9BE666}
		{41C3B2E3-12C4-4AD3-BEFB-567237C5448A} = {C728F74D-C2CD-4B32-A306-1B14935A63C8}
		{7277DEA3-4C11-4A30-B6CF-E9B6425516C4} = {C728F74D-C2CD-4B32-A306-1B14935A63C8}
		{CBF40A0F-9E28-4B02-93C4-C87752A201B4} = {C728F74D-C2CD-4B32-A306-1B14935A63C8}
		{D0F7A352-7D14-4DFF-9F7C-9AA7C8D744A1} = {C728F74D-C2CD-4B32-A306-1B14935A63C8}
		{B1DDE44B-4D47-4F28-A841-883CCB377529} = {C728F74D-C2CD-4B32-A306-1B14935A63C8}
		{CEF82E76-15F9-4BFF-8211-8B17BBA06217} = {C728F74D-C2CD-4B32-A306-1B14935A63C8}
		{46BEE6E1-4C7E-4D7A-AD87-1597BBA60DE9} = {F32D1582-9B6A-4A64-97E9-B5F9A670D0BB}
		{EF81B7C8-F750-4266-A4AE-D4142ED0CD96} = {F32D1582-9B6A-4A64-97E9-B5F9A670D0BB}
		{212AFE5C-2553-41A9-871D-C472C853865E} = {957DAABD-BEF8-411B-8502-AA18C926DB06}
		{03C482E9-1BF6-4740-B96A-2290FEA1B62F} = {957DAABD-BEF8-411B-8502-AA18C926DB06}
		{734EE029-1956-4991-BD93-FA1FAE60CA4D} = {D0F7A352-7D14-4DFF-9F7C-9AA7C8D744A1}
		{3EA71BAE-8CD5-41BA-B061-37E5EAE89679} = {AB970D78-D135-41A8-A4D6-3F12E5B373A0}
		{05309A02-109A-40CD-B8C1-E9406A787DA0} = {AB970D78-D135-41A8-A4D6-3F12E5B373A0}
		{83AE2AAE-6492-40FE-AFA2-E400C78C73F6} = {AB970D78-D135-41A8-A4D6-3F12E5B373A0}
		{8B8250B2-CC66-4FA6-B080-D1962ECC82D8} = {AB970D78-D135-41A8-A4D6-3F12E5B373A0}
		{31ADDFA8-7641-4DD9-ACBC-6528C171AA14} = {AB970D78-D135-41A8-A4D6-3F12E5B373A0}
		{D78EE71B-8212-4481-B760-561CDCAAE070} = {AB970D78-D135-41A8-A4D6-3F12E5B373A0}
		{46458F47-EED5-48F7-964A-B54ABF53F04C} = {AB970D78-D135-41A8-A4D6-3F12E5B373A0}
		{F5961F37-597F-42CA-9794-81B15D9BC50E} = {AB970D78-D135-41A8-A4D6-3F12E5B373A0}
		{73827849-77DE-4EA4-B2F2-B6951775F8BF} = {AB970D78-D135-41A8-A4D6-3F12E5B373A0}
		{DB8354B2-C927-4663-B8E0-E3E86B6AAC47} = {AB970D78-D135-41A8-A4D6-3F12E5B373A0}
		{61D9C491-888B-4356-A3E8-6412FBB1D53F} = {AB970D78-D135-41A8-A4D6-3F12E5B373A0}
		{E2CBC4AF-3762-45FD-991B-36E6D96A7FA1} = {AB970D78-D135-41A8-A4D6-3F12E5B373A0}
		{873D6643-F7B7-4E97-8D77-A943FABF9958} = {AB970D78-D135-41A8-A4D6-3F12E5B373A0}
		{B8FB80C0-B013-4234-AA07-44148DB9C30E} = {AB970D78-D135-41A8-A4D6-3F12E5B373A0}
		{5308E2E9-23F1-4828-9498-A06B1823046B} = {AB970D78-D135-41A8-A4D6-3F12E5B373A0}
		{14C1F2F8-8287-4A0D-A343-B1DA4BF8AD44} = {AB970D78-D135-41A8-A4D6-3F12E5B373A0}
		{C25E794E-9644-4026-8E89-EF644C12498F} = {AB970D78-D135-41A8-A4D6-3F12E5B373A0}
		{197E9B02-8E72-4865-B61C-7023E639CFED} = {AB970D78-D135-41A8-A4D6-3F12E5B373A0}
		{65D370DD-B3C4-4FDF-BE86-D54EF0AA3075} = {AB970D78-D135-41A8-A4D6-3F12E5B373A0}
		{432DAD6F-7572-4F27-B222-23F9E2994CD2} = {AB970D78-D135-41A8-A4D6-3F12E5B373A0}
	EndGlobalSection
EndGlobal
