<?xml version="1.0" encoding="utf-8"?>
<Project ToolsVersion="4.0" xmlns="http://schemas.microsoft.com/developer/msbuild/2003">
  <ItemGroup>
    <Filter Include="Core">
      <UniqueIdentifier>{50bcfcd4-e63d-4072-956f-ba226106ed97}</UniqueIdentifier>
    </Filter>
    <Filter Include="Core\Template">
      <UniqueIdentifier>{1562cfbc-25e8-4d12-9fda-4884a2a208dd}</UniqueIdentifier>
    </Filter>
    <Filter Include="Engine">
      <UniqueIdentifier>{6b2c083a-7c4b-484d-99a2-98a624812152}</UniqueIdentifier>
    </Filter>
    <Filter Include="Core\Math">
      <UniqueIdentifier>{87c072da-3aed-4b03-9b8a-33bd50442e74}</UniqueIdentifier>
    </Filter>
    <Filter Include="Engine\2. RenderSystem">
      <UniqueIdentifier>{29f06627-3921-47eb-922b-a211766ea757}</UniqueIdentifier>
    </Filter>
    <Filter Include="Engine\2. RenderSystem\RenderContext">
      <UniqueIdentifier>{56dc62c4-6a75-4acb-aabb-3312aae6c1d2}</UniqueIdentifier>
    </Filter>
    <Filter Include="Core\RadC">
      <UniqueIdentifier>{7fa26e74-d266-43fd-9d50-486558638469}</UniqueIdentifier>
    </Filter>
    <Filter Include="Engine\2. RenderSystem\ShaderFX">
      <UniqueIdentifier>{9ef70177-1608-4b16-86db-c52a24a246c5}</UniqueIdentifier>
    </Filter>
    <Filter Include="Core\Platform">
      <UniqueIdentifier>{4c3ec965-ad98-456b-854c-4930475a4f31}</UniqueIdentifier>
    </Filter>
    <Filter Include="Engine\1. ResourceManager">
      <UniqueIdentifier>{6655798f-9783-48c0-a70b-be1ee2075a2e}</UniqueIdentifier>
    </Filter>
    <Filter Include="Core\Serializer">
      <UniqueIdentifier>{cd9b42c0-a003-4497-acb4-17a79001a786}</UniqueIdentifier>
    </Filter>
    <Filter Include="Core\Event">
      <UniqueIdentifier>{a838f55f-727d-44e9-969d-0cc3b6b0333a}</UniqueIdentifier>
    </Filter>
    <Filter Include="Core\RadDB">
      <UniqueIdentifier>{2e781fbb-7092-41ce-9719-6582642bcb35}</UniqueIdentifier>
    </Filter>
    <Filter Include="Core\Sokect">
      <UniqueIdentifier>{84d249c7-5ba8-4711-b9da-9e70809d5531}</UniqueIdentifier>
    </Filter>
    <Filter Include="Core\Sokect\TCP">
      <UniqueIdentifier>{1505e1ab-c4d1-4653-b6b7-604ec4daad28}</UniqueIdentifier>
    </Filter>
    <Filter Include="Core\RadDB\RSQL">
      <UniqueIdentifier>{a6487196-2294-408a-9fe0-bb1424542ee4}</UniqueIdentifier>
    </Filter>
    <Filter Include="Core\RadDB\RDBC">
      <UniqueIdentifier>{1d88650b-ba52-42ef-aa13-5f3c84534731}</UniqueIdentifier>
    </Filter>
    <Filter Include="Engine\2. RenderSystem\Image">
      <UniqueIdentifier>{ee570904-8249-4be4-abfa-29bc50789f6c}</UniqueIdentifier>
    </Filter>
    <Filter Include="Engine\3. Audio &amp; Video">
      <UniqueIdentifier>{64c07cd1-8457-4316-88e3-d9f7581bc3d2}</UniqueIdentifier>
    </Filter>
    <Filter Include="Engine\3. Audio &amp; Video\Audio">
      <UniqueIdentifier>{fbab89eb-7f73-40d9-9cbd-031817ba82ef}</UniqueIdentifier>
    </Filter>
    <Filter Include="Engine\3. Audio &amp; Video\Video">
      <UniqueIdentifier>{9b28d1e6-3bbd-4eb6-a5da-9460ddd8cd6b}</UniqueIdentifier>
    </Filter>
    <Filter Include="Engine\4. InputSystem">
      <UniqueIdentifier>{3b1eeca8-543c-40a0-bdd2-8ebc16a45a96}</UniqueIdentifier>
    </Filter>
    <Filter Include="Engine\5. World">
      <UniqueIdentifier>{920df9d7-29bd-4216-b9a0-0043bc28f73d}</UniqueIdentifier>
    </Filter>
    <Filter Include="Engine\5. World\Entity">
      <UniqueIdentifier>{0729566e-485e-4bf2-a914-97294c301d3c}</UniqueIdentifier>
    </Filter>
    <Filter Include="Engine\5. World\Entity\Mesh">
      <UniqueIdentifier>{d798c091-933c-4272-95d9-497f9ecf0c2c}</UniqueIdentifier>
    </Filter>
    <Filter Include="Engine\5. World\Entity\Component">
      <UniqueIdentifier>{5853def5-3305-4dfc-849b-0f043ed7a978}</UniqueIdentifier>
    </Filter>
    <Filter Include="Engine\5. World\Entity\Water">
      <UniqueIdentifier>{e2d2b9d4-bf08-435b-9248-e5138b2be61d}</UniqueIdentifier>
    </Filter>
    <Filter Include="Engine\5. World\Entity\Prefab">
      <UniqueIdentifier>{8ff32c3e-5d2e-47d1-ace9-b1df8a99a40d}</UniqueIdentifier>
    </Filter>
    <Filter Include="Engine\5. World\Terrain">
      <UniqueIdentifier>{104c4574-fb46-4134-8a9d-9020106f4d07}</UniqueIdentifier>
    </Filter>
    <Filter Include="Engine\5. World\Environment">
      <UniqueIdentifier>{90dec52d-4af0-432b-9c42-a9559f3570ba}</UniqueIdentifier>
    </Filter>
    <Filter Include="Engine\5. World\NavPath">
      <UniqueIdentifier>{08b2f00c-6c1b-4020-a019-258f7f1e587d}</UniqueIdentifier>
    </Filter>
    <Filter Include="Engine\5. World\Grass">
      <UniqueIdentifier>{f168cb13-e059-4c90-bce4-bc991bccd894}</UniqueIdentifier>
    </Filter>
    <Filter Include="Core\Object">
      <UniqueIdentifier>{29c13837-453a-430f-ba53-dee7382aef8b}</UniqueIdentifier>
    </Filter>
    <Filter Include="Engine\2. RenderSystem\HWBuffer">
      <UniqueIdentifier>{8de2dccf-fd66-4908-a8fc-631be1b00372}</UniqueIdentifier>
    </Filter>
    <Filter Include="Engine\5. World\Entity\Animation">
      <UniqueIdentifier>{16b6ca7e-7558-4d2a-9c91-3191475bed4a}</UniqueIdentifier>
    </Filter>
    <Filter Include="Engine\5. World\Entity\ParticleSystem">
      <UniqueIdentifier>{aa2d4346-2498-4678-9d5c-5a3615aa020d}</UniqueIdentifier>
    </Filter>
    <Filter Include="Engine\5. World\Environment\Effect">
      <UniqueIdentifier>{5f7ea740-1c02-486c-aa23-cd0f84d05eee}</UniqueIdentifier>
    </Filter>
    <Filter Include="Engine\5. World\Environment\Geomtry">
      <UniqueIdentifier>{4c3d3665-c88f-4a06-9c8b-52f4d65c9c10}</UniqueIdentifier>
    </Filter>
    <Filter Include="Engine\5. World\Environment\DeferredRenderer">
      <UniqueIdentifier>{7c338393-9756-4840-8bed-5ecdaa9a6dcc}</UniqueIdentifier>
    </Filter>
    <Filter Include="Engine\5. World\Environment\Geomtry\Rain">
      <UniqueIdentifier>{f74f7bd6-3e7f-438b-b10f-aa6fb613b203}</UniqueIdentifier>
    </Filter>
    <Filter Include="Engine\5. World\Environment\Geomtry\Sky">
      <UniqueIdentifier>{f4a2d8e3-b973-4fae-adef-107a4c06d454}</UniqueIdentifier>
    </Filter>
    <Filter Include="Engine\5. World\Environment\Geomtry\Sun">
      <UniqueIdentifier>{47409489-8366-41c0-b994-fe3ff1a78567}</UniqueIdentifier>
    </Filter>
    <Filter Include="Engine\5. World\Environment\Geomtry\Snow">
      <UniqueIdentifier>{a35b4143-649e-45a8-b101-a9fc1f3a738c}</UniqueIdentifier>
    </Filter>
  </ItemGroup>
  <ItemGroup>
    <ClInclude Include="MArray.h">
      <Filter>Core\Template</Filter>
    </ClInclude>
    <ClInclude Include="MFunctional.h">
      <Filter>Core\Template</Filter>
    </ClInclude>
    <ClInclude Include="MHashMap.h">
      <Filter>Core\Template</Filter>
    </ClInclude>
    <ClInclude Include="MList.h">
      <Filter>Core\Template</Filter>
    </ClInclude>
    <ClInclude Include="MMap.h">
      <Filter>Core\Template</Filter>
    </ClInclude>
    <ClInclude Include="MMultiMap.h">
      <Filter>Core\Template</Filter>
    </ClInclude>
    <ClInclude Include="MQueue.h">
      <Filter>Core\Template</Filter>
    </ClInclude>
    <ClInclude Include="MSet.h">
      <Filter>Core\Template</Filter>
    </ClInclude>
    <ClInclude Include="MSingleton.h">
      <Filter>Core\Template</Filter>
    </ClInclude>
    <ClInclude Include="MSmartPtr.h">
      <Filter>Core\Template</Filter>
    </ClInclude>
    <ClInclude Include="MStack.h">
      <Filter>Core\Template</Filter>
    </ClInclude>
    <ClInclude Include="MCharSet.h">
      <Filter>Core</Filter>
    </ClInclude>
    <ClInclude Include="MConfigFile.h">
      <Filter>Core</Filter>
    </ClInclude>
    <ClInclude Include="MDataStream.h">
      <Filter>Core</Filter>
    </ClInclude>
    <ClInclude Include="MDataStreamPool.h">
      <Filter>Core</Filter>
    </ClInclude>
    <ClInclude Include="MDebug.h">
      <Filter>Core</Filter>
    </ClInclude>
    <ClInclude Include="MDefine.h">
      <Filter>Core</Filter>
    </ClInclude>
    <ClInclude Include="MDynLinkerLib.h">
      <Filter>Core</Filter>
    </ClInclude>
    <ClInclude Include="MFile.h">
      <Filter>Core</Filter>
    </ClInclude>
    <ClInclude Include="MLinker.h">
      <Filter>Core</Filter>
    </ClInclude>
    <ClInclude Include="MMemory.h">
      <Filter>Core</Filter>
    </ClInclude>
    <ClInclude Include="MMemoryPool.h">
      <Filter>Core</Filter>
    </ClInclude>
    <ClInclude Include="MString.h">
      <Filter>Core</Filter>
    </ClInclude>
    <ClInclude Include="MThread.h">
      <Filter>Core</Filter>
    </ClInclude>
    <ClInclude Include="MTimer.h">
      <Filter>Core</Filter>
    </ClInclude>
    <ClInclude Include="MUserData.h">
      <Filter>Core</Filter>
    </ClInclude>
    <ClInclude Include="MUString.h">
      <Filter>Core</Filter>
    </ClInclude>
    <ClInclude Include="MXml.h">
      <Filter>Core</Filter>
    </ClInclude>
    <ClInclude Include="MAabb.h">
      <Filter>Core\Math</Filter>
    </ClInclude>
    <ClInclude Include="MColor.h">
      <Filter>Core\Math</Filter>
    </ClInclude>
    <ClInclude Include="MCurve.h">
      <Filter>Core\Math</Filter>
    </ClInclude>
    <ClInclude Include="MFloat2.h">
      <Filter>Core\Math</Filter>
    </ClInclude>
    <ClInclude Include="MFloat3.h">
      <Filter>Core\Math</Filter>
    </ClInclude>
    <ClInclude Include="MFloat4.h">
      <Filter>Core\Math</Filter>
    </ClInclude>
    <ClInclude Include="MKDTree.h">
      <Filter>Core\Math</Filter>
    </ClInclude>
    <ClInclude Include="MMat4.h">
      <Filter>Core\Math</Filter>
    </ClInclude>
    <ClInclude Include="MMath2.h">
      <Filter>Core\Math</Filter>
    </ClInclude>
    <ClInclude Include="MObb.h">
      <Filter>Core\Math</Filter>
    </ClInclude>
    <ClInclude Include="MPlane.h">
      <Filter>Core\Math</Filter>
    </ClInclude>
    <ClInclude Include="MQuat.h">
      <Filter>Core\Math</Filter>
    </ClInclude>
    <ClInclude Include="MRay.h">
      <Filter>Core\Math</Filter>
    </ClInclude>
    <ClInclude Include="MRect.h">
      <Filter>Core\Math</Filter>
    </ClInclude>
    <ClInclude Include="MSphere.h">
      <Filter>Core\Math</Filter>
    </ClInclude>
    <ClInclude Include="MArchive.h">
      <Filter>Engine\1. ResourceManager</Filter>
    </ClInclude>
    <ClInclude Include="MResource.h">
      <Filter>Engine\1. ResourceManager</Filter>
    </ClInclude>
    <ClInclude Include="MResourceLoader.h">
      <Filter>Engine\1. ResourceManager</Filter>
    </ClInclude>
    <ClInclude Include="MResourceLoaderMT.h">
      <Filter>Engine\1. ResourceManager</Filter>
    </ClInclude>
    <ClInclude Include="MResourceManager.h">
      <Filter>Engine\1. ResourceManager</Filter>
    </ClInclude>
    <ClInclude Include="MShaderFX.h">
      <Filter>Engine\2. RenderSystem\ShaderFX</Filter>
    </ClInclude>
    <ClInclude Include="MShaderFXManager.h">
      <Filter>Engine\2. RenderSystem\ShaderFX</Filter>
    </ClInclude>
    <ClInclude Include="MRenderHelper.h">
      <Filter>Engine\2. RenderSystem</Filter>
    </ClInclude>
    <ClInclude Include="MRenderRegister.h">
      <Filter>Engine\2. RenderSystem</Filter>
    </ClInclude>
    <ClInclude Include="MRenderSystem.h">
      <Filter>Engine\2. RenderSystem</Filter>
    </ClInclude>
    <ClInclude Include="MAudioSystem.h">
      <Filter>Engine\3. Audio &amp; Video</Filter>
    </ClInclude>
    <ClInclude Include="MJoystick.h">
      <Filter>Engine\4. InputSystem</Filter>
    </ClInclude>
    <ClInclude Include="MKeyboard.h">
      <Filter>Engine\4. InputSystem</Filter>
    </ClInclude>
    <ClInclude Include="MMouse.h">
      <Filter>Engine\4. InputSystem</Filter>
    </ClInclude>
    <ClInclude Include="MAnimation.h">
      <Filter>Engine\5. World\Entity\Animation</Filter>
    </ClInclude>
    <ClInclude Include="MColMesh.h">
      <Filter>Engine\5. World\Entity\Mesh</Filter>
    </ClInclude>
    <ClInclude Include="MMesh.h">
      <Filter>Engine\5. World\Entity\Mesh</Filter>
    </ClInclude>
    <ClInclude Include="MMeshManager.h">
      <Filter>Engine\5. World\Entity\Mesh</Filter>
    </ClInclude>
    <ClInclude Include="MMeshSerializer.h">
      <Filter>Engine\5. World\Entity\Mesh</Filter>
    </ClInclude>
    <ClInclude Include="MMeshSource.h">
      <Filter>Engine\5. World\Entity\Mesh</Filter>
    </ClInclude>
    <ClInclude Include="MParticleSystem.h">
      <Filter>Engine\5. World\Entity\ParticleSystem</Filter>
    </ClInclude>
    <ClInclude Include="MBillboard.h">
      <Filter>Engine\5. World\Entity</Filter>
    </ClInclude>
    <ClInclude Include="MCamera.h">
      <Filter>Engine\5. World\Entity</Filter>
    </ClInclude>
    <ClInclude Include="MLight.h">
      <Filter>Engine\5. World\Entity</Filter>
    </ClInclude>
    <ClInclude Include="MRenderContext.h">
      <Filter>Engine\2. RenderSystem\RenderContext</Filter>
    </ClInclude>
    <ClInclude Include="MRenderPipeline.h">
      <Filter>Engine\2. RenderSystem\RenderContext</Filter>
    </ClInclude>
    <ClInclude Include="MRenderQueue.h">
      <Filter>Engine\2. RenderSystem\RenderContext</Filter>
    </ClInclude>
    <ClInclude Include="MShaderProvider.h">
      <Filter>Engine\2. RenderSystem\RenderContext</Filter>
    </ClInclude>
    <ClInclude Include="MVisibleCuller.h">
      <Filter>Engine\2. RenderSystem\RenderContext</Filter>
    </ClInclude>
    <ClInclude Include="MTerrain.h">
      <Filter>Engine\5. World\Terrain</Filter>
    </ClInclude>
    <ClInclude Include="MWorld.h">
      <Filter>Engine\5. World</Filter>
    </ClInclude>
    <ClInclude Include="MUtil.h">
      <Filter>Engine</Filter>
    </ClInclude>
    <ClInclude Include="Platform\win32\MPlatform.h">
      <Filter>Core\Platform</Filter>
    </ClInclude>
    <ClInclude Include="MSimpleCollision.h">
      <Filter>Engine\5. World\Entity\Component</Filter>
    </ClInclude>
    <ClInclude Include="MLoadRule.h">
      <Filter>Engine\5. World</Filter>
    </ClInclude>
    <ClInclude Include="PSEmitter.h">
      <Filter>Engine\5. World\Entity\ParticleSystem</Filter>
    </ClInclude>
    <ClInclude Include="PSManager.h">
      <Filter>Engine\5. World\Entity\ParticleSystem</Filter>
    </ClInclude>
    <ClInclude Include="PSModifier.h">
      <Filter>Engine\5. World\Entity\ParticleSystem</Filter>
    </ClInclude>
    <ClInclude Include="PSSource.h">
      <Filter>Engine\5. World\Entity\ParticleSystem</Filter>
    </ClInclude>
    <ClInclude Include="PSParticle.h">
      <Filter>Engine\5. World\Entity\ParticleSystem</Filter>
    </ClInclude>
    <ClInclude Include="MSound.h">
      <Filter>Engine\5. World\Entity</Filter>
    </ClInclude>
    <ClInclude Include="MBitField.h">
      <Filter>Core\Template</Filter>
    </ClInclude>
    <ClInclude Include="MFixedString.h">
      <Filter>Core\Template</Filter>
    </ClInclude>
    <ClInclude Include="MNodeTracker.h">
      <Filter>Engine\5. World\Entity\Component</Filter>
    </ClInclude>
    <ClInclude Include="MRTTI.h">
      <Filter>Core</Filter>
    </ClInclude>
    <ClInclude Include="MRef.h">
      <Filter>Core</Filter>
    </ClInclude>
    <ClInclude Include="NavThread.h">
      <Filter>Engine\5. World\NavPath</Filter>
    </ClInclude>
    <ClInclude Include="NavPathFinder.h">
      <Filter>Engine\5. World\NavPath</Filter>
    </ClInclude>
    <ClInclude Include="NavData.h">
      <Filter>Engine\5. World\NavPath</Filter>
    </ClInclude>
    <ClInclude Include="MPKArchive.h">
      <Filter>Engine\1. ResourceManager</Filter>
    </ClInclude>
    <ClInclude Include="MPKCommon.h">
      <Filter>Engine\1. ResourceManager</Filter>
    </ClInclude>
    <ClInclude Include="MTexture.h">
      <Filter>Engine\2. RenderSystem\HWBuffer</Filter>
    </ClInclude>
    <ClInclude Include="MHWBufferManager.h">
      <Filter>Engine\2. RenderSystem\HWBuffer</Filter>
    </ClInclude>
    <ClInclude Include="MRenderTarget.h">
      <Filter>Engine\2. RenderSystem\HWBuffer</Filter>
    </ClInclude>
    <ClInclude Include="MDepthBuffer.h">
      <Filter>Engine\2. RenderSystem\HWBuffer</Filter>
    </ClInclude>
    <ClInclude Include="MRenderProcess.h">
      <Filter>Engine\2. RenderSystem\RenderContext</Filter>
    </ClInclude>
    <ClInclude Include="MMat3.h">
      <Filter>Core\Math</Filter>
    </ClInclude>
    <ClInclude Include="MVertexDeclaration.h">
      <Filter>Engine\2. RenderSystem\HWBuffer</Filter>
    </ClInclude>
    <ClInclude Include="MVertexBuffer.h">
      <Filter>Engine\2. RenderSystem\HWBuffer</Filter>
    </ClInclude>
    <ClInclude Include="MIndexBuffer.h">
      <Filter>Engine\2. RenderSystem\HWBuffer</Filter>
    </ClInclude>
    <ClInclude Include="MInput.h">
      <Filter>Engine\4. InputSystem</Filter>
    </ClInclude>
    <ClInclude Include="RadC.h">
      <Filter>Core\RadC</Filter>
    </ClInclude>
    <ClInclude Include="RadCCompiler.h">
      <Filter>Core\RadC</Filter>
    </ClInclude>
    <ClInclude Include="RadCExpression.h">
      <Filter>Core\RadC</Filter>
    </ClInclude>
    <ClInclude Include="RadCFoundation.h">
      <Filter>Core\RadC</Filter>
    </ClInclude>
    <ClInclude Include="RadCStatement.h">
      <Filter>Core\RadC</Filter>
    </ClInclude>
    <ClInclude Include="RadCType.h">
      <Filter>Core\RadC</Filter>
    </ClInclude>
    <ClInclude Include="MRenderObject.h">
      <Filter>Engine\2. RenderSystem</Filter>
    </ClInclude>
    <ClInclude Include="MRml.h">
      <Filter>Core</Filter>
    </ClInclude>
    <ClInclude Include="PSShader.h">
      <Filter>Engine\5. World\Entity\ParticleSystem</Filter>
    </ClInclude>
    <ClInclude Include="MMeshShader.h">
      <Filter>Engine\5. World\Entity\Mesh</Filter>
    </ClInclude>
    <ClInclude Include="MSkeleton.h">
      <Filter>Engine\5. World\Entity\Mesh</Filter>
    </ClInclude>
    <ClInclude Include="MTypes.h">
      <Filter>Engine</Filter>
    </ClInclude>
    <ClInclude Include="MCore.h">
      <Filter>Core</Filter>
    </ClInclude>
    <ClInclude Include="MComponent.h">
      <Filter>Core\Object</Filter>
    </ClInclude>
    <ClInclude Include="MObject.h">
      <Filter>Core\Object</Filter>
    </ClInclude>
    <ClInclude Include="MProperty.h">
      <Filter>Core\Object</Filter>
    </ClInclude>
    <ClInclude Include="MRoot.h">
      <Filter>Core</Filter>
    </ClInclude>
    <ClInclude Include="MWater.h">
      <Filter>Engine\5. World\Entity\Water</Filter>
    </ClInclude>
    <ClInclude Include="MGrassManager.h">
      <Filter>Engine\5. World\Grass</Filter>
    </ClInclude>
    <ClInclude Include="MShape.h">
      <Filter>Engine\5. World\Entity\Mesh</Filter>
    </ClInclude>
    <ClInclude Include="MWaterShader.h">
      <Filter>Engine\5. World\Entity\Water</Filter>
    </ClInclude>
    <ClInclude Include="MSkeletonAnimation.h">
      <Filter>Engine\5. World\Entity\Animation</Filter>
    </ClInclude>
    <ClInclude Include="MAnimationController.h">
      <Filter>Engine\5. World\Entity\Animation</Filter>
    </ClInclude>
    <ClInclude Include="MVertexAnimation.h">
      <Filter>Engine\5. World\Entity\Animation</Filter>
    </ClInclude>
    <ClInclude Include="MISerializer.h">
      <Filter>Core\Serializer</Filter>
    </ClInclude>
    <ClInclude Include="MOSerializer.h">
      <Filter>Core\Serializer</Filter>
    </ClInclude>
    <ClInclude Include="MSerializer.h">
      <Filter>Core\Serializer</Filter>
    </ClInclude>
    <ClInclude Include="MEvent6.h">
      <Filter>Core\Event</Filter>
    </ClInclude>
    <ClInclude Include="MEvent.h">
      <Filter>Core\Event</Filter>
    </ClInclude>
    <ClInclude Include="MEvent0.h">
      <Filter>Core\Event</Filter>
    </ClInclude>
    <ClInclude Include="MEvent1.h">
      <Filter>Core\Event</Filter>
    </ClInclude>
    <ClInclude Include="MEvent2.h">
      <Filter>Core\Event</Filter>
    </ClInclude>
    <ClInclude Include="MEvent3.h">
      <Filter>Core\Event</Filter>
    </ClInclude>
    <ClInclude Include="MEvent4.h">
      <Filter>Core\Event</Filter>
    </ClInclude>
    <ClInclude Include="MEvent5.h">
      <Filter>Core\Event</Filter>
    </ClInclude>
    <ClInclude Include="MAllocator.h">
      <Filter>Core</Filter>
    </ClInclude>
    <ClInclude Include="PSSet.h">
      <Filter>Engine\5. World\Entity\ParticleSystem</Filter>
    </ClInclude>
    <ClInclude Include="MPrefab.h">
      <Filter>Engine\5. World\Entity\Prefab</Filter>
    </ClInclude>
    <ClInclude Include="MPrefabManager.h">
      <Filter>Engine\5. World\Entity\Prefab</Filter>
    </ClInclude>
    <ClInclude Include="MZone.h">
      <Filter>Engine\5. World</Filter>
    </ClInclude>
    <ClInclude Include="MMeshGroup.h">
      <Filter>Engine\5. World\Entity\Mesh</Filter>
    </ClInclude>
    <ClInclude Include="MAnimationSerializer.h">
      <Filter>Engine\5. World\Entity\Animation</Filter>
    </ClInclude>
    <ClInclude Include="MKeyController.h">
      <Filter>Engine\5. World\Entity\Animation</Filter>
    </ClInclude>
    <ClInclude Include="MWorldSection.h">
      <Filter>Engine\5. World</Filter>
    </ClInclude>
    <ClInclude Include="MGrassRenderer.h">
      <Filter>Engine\5. World\Grass</Filter>
    </ClInclude>
    <ClInclude Include="MGrass.h">
      <Filter>Engine\5. World\Grass</Filter>
    </ClInclude>
    <ClInclude Include="MTerrainMesh.h">
      <Filter>Engine\5. World\Terrain</Filter>
    </ClInclude>
    <ClInclude Include="MNodeDisplayer.h">
      <Filter>Engine\5. World\Entity\Component</Filter>
    </ClInclude>
    <ClInclude Include="MInt2.h">
      <Filter>Core\Math</Filter>
    </ClInclude>
    <ClInclude Include="MInt3.h">
      <Filter>Core\Math</Filter>
    </ClInclude>
    <ClInclude Include="MInt4.h">
      <Filter>Core\Math</Filter>
    </ClInclude>
    <ClInclude Include="MGrassSection.h">
      <Filter>Engine\5. World\Grass</Filter>
    </ClInclude>
    <ClInclude Include="MTerrainSection.h">
      <Filter>Engine\5. World\Terrain</Filter>
    </ClInclude>
    <ClInclude Include="MField.h">
      <Filter>Core\Template</Filter>
    </ClInclude>
    <ClInclude Include="MMath.h">
      <Filter>Core\Math</Filter>
    </ClInclude>
    <ClInclude Include="MToken.h">
      <Filter>Core</Filter>
    </ClInclude>
    <ClInclude Include="RadDB.h">
      <Filter>Core\RadDB</Filter>
    </ClInclude>
    <ClInclude Include="RadDBManager.h">
      <Filter>Core\RadDB</Filter>
    </ClInclude>
    <ClInclude Include="RadDBTable.h">
      <Filter>Core\RadDB</Filter>
    </ClInclude>
    <ClInclude Include="TcpSocket.h">
      <Filter>Core\Sokect\TCP</Filter>
    </ClInclude>
    <ClInclude Include="MSocketAPI.h">
      <Filter>Core\Sokect</Filter>
    </ClInclude>
    <ClInclude Include="RadDBType.h">
      <Filter>Core\RadDB</Filter>
    </ClInclude>
    <ClInclude Include="TcpClient.h">
      <Filter>Core\Sokect\TCP</Filter>
    </ClInclude>
    <ClInclude Include="TcpServer.h">
      <Filter>Core\Sokect\TCP</Filter>
    </ClInclude>
    <ClInclude Include="MSocket.h">
      <Filter>Core\Sokect</Filter>
    </ClInclude>
    <ClInclude Include="MLog2.h">
      <Filter>Core</Filter>
    </ClInclude>
    <ClInclude Include="MLog.h">
      <Filter>Core</Filter>
    </ClInclude>
    <ClInclude Include="RadDBClient.h">
      <Filter>Core\RadDB\RDBC</Filter>
    </ClInclude>
    <ClInclude Include="RadDBServer.h">
      <Filter>Core\RadDB\RDBC</Filter>
    </ClInclude>
    <ClInclude Include="RadDBC.h">
      <Filter>Core\RadDB\RDBC</Filter>
    </ClInclude>
    <ClInclude Include="RadDBSql.h">
      <Filter>Core\RadDB\RSQL</Filter>
    </ClInclude>
    <ClInclude Include="RadDBScript.h">
      <Filter>Core\RadDB\RSQL</Filter>
    </ClInclude>
    <ClInclude Include="MRingBuffer.h">
      <Filter>Core\Template</Filter>
    </ClInclude>
    <ClInclude Include="MImageBMP.h">
      <Filter>Engine\2. RenderSystem\Image</Filter>
    </ClInclude>
    <ClInclude Include="MImageTGA.h">
      <Filter>Engine\2. RenderSystem\Image</Filter>
    </ClInclude>
    <ClInclude Include="MImageDDS.h">
      <Filter>Engine\2. RenderSystem\Image</Filter>
    </ClInclude>
    <ClInclude Include="MImagePNG.h">
      <Filter>Engine\2. RenderSystem\Image</Filter>
    </ClInclude>
    <ClInclude Include="MImage.h">
      <Filter>Engine\2. RenderSystem\Image</Filter>
    </ClInclude>
    <ClInclude Include="MImageETC.h">
      <Filter>Engine\2. RenderSystem\Image</Filter>
    </ClInclude>
    <ClInclude Include="MImagePVR.h">
      <Filter>Engine\2. RenderSystem\Image</Filter>
    </ClInclude>
    <ClInclude Include="MVecX.h">
      <Filter>Core\Math</Filter>
    </ClInclude>
    <ClInclude Include="MMathSSE.h">
      <Filter>Core\Math</Filter>
    </ClInclude>
    <ClInclude Include="MHash.h">
      <Filter>Core\Math</Filter>
    </ClInclude>
    <ClInclude Include="MAudio.h">
      <Filter>Engine\3. Audio &amp; Video\Audio</Filter>
    </ClInclude>
    <ClInclude Include="MAudioOGG.h">
      <Filter>Engine\3. Audio &amp; Video\Audio</Filter>
    </ClInclude>
    <ClInclude Include="MAudioWAV.h">
      <Filter>Engine\3. Audio &amp; Video\Audio</Filter>
    </ClInclude>
    <ClInclude Include="MVideo.h">
      <Filter>Engine\3. Audio &amp; Video\Video</Filter>
    </ClInclude>
    <ClInclude Include="MVideoOGG.h">
      <Filter>Engine\3. Audio &amp; Video\Video</Filter>
    </ClInclude>
    <ClInclude Include="MMathNEON.h">
      <Filter>Core\Math</Filter>
    </ClInclude>
    <ClInclude Include="MMathASM.h">
      <Filter>Core\Math</Filter>
    </ClInclude>
    <ClInclude Include="MCodeTimer.h">
      <Filter>Core</Filter>
    </ClInclude>
    <ClInclude Include="MNode.h">
      <Filter>Engine\5. World</Filter>
    </ClInclude>
    <ClInclude Include="MMeshOptimizer.h">
      <Filter>Engine\5. World\Entity\Mesh</Filter>
    </ClInclude>
    <ClInclude Include="MImageJPG.h">
      <Filter>Engine\2. RenderSystem\Image</Filter>
    </ClInclude>
    <ClInclude Include="MVideoPlayer.h">
      <Filter>Engine\3. Audio &amp; Video</Filter>
    </ClInclude>
  </ItemGroup>
  <ItemGroup>
    <ClCompile Include="main.cpp" />
    <ClCompile Include="MPKArchive.cpp">
      <Filter>Engine\1. ResourceManager</Filter>
    </ClCompile>
    <ClCompile Include="MPKCommon.cpp">
      <Filter>Engine\1. ResourceManager</Filter>
    </ClCompile>
    <ClCompile Include="NavData.cpp">
      <Filter>Engine\5. World\NavPath</Filter>
    </ClCompile>
    <ClCompile Include="NavPathFinder.cpp">
      <Filter>Engine\5. World\NavPath</Filter>
    </ClCompile>
    <ClCompile Include="NavThread.cpp">
      <Filter>Engine\5. World\NavPath</Filter>
    </ClCompile>
    <ClCompile Include="MCharSet.cpp">
      <Filter>Core</Filter>
    </ClCompile>
    <ClCompile Include="MConfigFile.cpp">
      <Filter>Core</Filter>
    </ClCompile>
    <ClCompile Include="MDataStream.cpp">
      <Filter>Core</Filter>
    </ClCompile>
    <ClCompile Include="MDataStreamPool.cpp">
      <Filter>Core</Filter>
    </ClCompile>
    <ClCompile Include="MDebug.cpp">
      <Filter>Core</Filter>
    </ClCompile>
    <ClCompile Include="MDynLinkerLib.cpp">
      <Filter>Core</Filter>
    </ClCompile>
    <ClCompile Include="MFile.cpp">
      <Filter>Core</Filter>
    </ClCompile>
    <ClCompile Include="MMemory.cpp">
      <Filter>Core</Filter>
    </ClCompile>
    <ClCompile Include="MMemoryPool.cpp">
      <Filter>Core</Filter>
    </ClCompile>
    <ClCompile Include="MString.cpp">
      <Filter>Core</Filter>
    </ClCompile>
    <ClCompile Include="MThread.cpp">
      <Filter>Core</Filter>
    </ClCompile>
    <ClCompile Include="MTimer.cpp">
      <Filter>Core</Filter>
    </ClCompile>
    <ClCompile Include="MUString.cpp">
      <Filter>Core</Filter>
    </ClCompile>
    <ClCompile Include="MXml.cpp">
      <Filter>Core</Filter>
    </ClCompile>
    <ClCompile Include="MAabb.cpp">
      <Filter>Core\Math</Filter>
    </ClCompile>
    <ClCompile Include="MColor.cpp">
      <Filter>Core\Math</Filter>
    </ClCompile>
    <ClCompile Include="MFloat2.cpp">
      <Filter>Core\Math</Filter>
    </ClCompile>
    <ClCompile Include="MFloat3.cpp">
      <Filter>Core\Math</Filter>
    </ClCompile>
    <ClCompile Include="MFloat4.cpp">
      <Filter>Core\Math</Filter>
    </ClCompile>
    <ClCompile Include="MMat4.cpp">
      <Filter>Core\Math</Filter>
    </ClCompile>
    <ClCompile Include="MObb.cpp">
      <Filter>Core\Math</Filter>
    </ClCompile>
    <ClCompile Include="MPlane.cpp">
      <Filter>Core\Math</Filter>
    </ClCompile>
    <ClCompile Include="MQuat.cpp">
      <Filter>Core\Math</Filter>
    </ClCompile>
    <ClCompile Include="MRay.cpp">
      <Filter>Core\Math</Filter>
    </ClCompile>
    <ClCompile Include="MSphere.cpp">
      <Filter>Core\Math</Filter>
    </ClCompile>
    <ClCompile Include="MArchive.cpp">
      <Filter>Engine\1. ResourceManager</Filter>
    </ClCompile>
    <ClCompile Include="MResource.cpp">
      <Filter>Engine\1. ResourceManager</Filter>
    </ClCompile>
    <ClCompile Include="MResourceLoader.cpp">
      <Filter>Engine\1. ResourceManager</Filter>
    </ClCompile>
    <ClCompile Include="MResourceLoaderMT.cpp">
      <Filter>Engine\1. ResourceManager</Filter>
    </ClCompile>
    <ClCompile Include="MResourceManager.cpp">
      <Filter>Engine\1. ResourceManager</Filter>
    </ClCompile>
    <ClCompile Include="MShaderFX.cpp">
      <Filter>Engine\2. RenderSystem\ShaderFX</Filter>
    </ClCompile>
    <ClCompile Include="MShaderFXManager.cpp">
      <Filter>Engine\2. RenderSystem\ShaderFX</Filter>
    </ClCompile>
    <ClCompile Include="MRenderHelper.cpp">
      <Filter>Engine\2. RenderSystem</Filter>
    </ClCompile>
    <ClCompile Include="MRenderRegister.cpp">
      <Filter>Engine\2. RenderSystem</Filter>
    </ClCompile>
    <ClCompile Include="MRenderSystem.cpp">
      <Filter>Engine\2. RenderSystem</Filter>
    </ClCompile>
    <ClCompile Include="MAudioSystem.cpp">
      <Filter>Engine\3. Audio &amp; Video</Filter>
    </ClCompile>
    <ClCompile Include="MAnimation.cpp">
      <Filter>Engine\5. World\Entity\Animation</Filter>
    </ClCompile>
    <ClCompile Include="MMesh.cpp">
      <Filter>Engine\5. World\Entity\Mesh</Filter>
    </ClCompile>
    <ClCompile Include="MMeshManager.cpp">
      <Filter>Engine\5. World\Entity\Mesh</Filter>
    </ClCompile>
    <ClCompile Include="MMeshSerializer.cpp">
      <Filter>Engine\5. World\Entity\Mesh</Filter>
    </ClCompile>
    <ClCompile Include="MMeshSource.cpp">
      <Filter>Engine\5. World\Entity\Mesh</Filter>
    </ClCompile>
    <ClCompile Include="MColMesh.cpp">
      <Filter>Engine\5. World\Entity\Mesh</Filter>
    </ClCompile>
    <ClCompile Include="MParticleSystem.cpp">
      <Filter>Engine\5. World\Entity\ParticleSystem</Filter>
    </ClCompile>
    <ClCompile Include="MBillboard.cpp">
      <Filter>Engine\5. World\Entity</Filter>
    </ClCompile>
    <ClCompile Include="MCamera.cpp">
      <Filter>Engine\5. World\Entity</Filter>
    </ClCompile>
    <ClCompile Include="MLight.cpp">
      <Filter>Engine\5. World\Entity</Filter>
    </ClCompile>
    <ClCompile Include="MRenderContext.cpp">
      <Filter>Engine\2. RenderSystem\RenderContext</Filter>
    </ClCompile>
    <ClCompile Include="MRenderPipeline.cpp">
      <Filter>Engine\2. RenderSystem\RenderContext</Filter>
    </ClCompile>
    <ClCompile Include="MRenderQueue.cpp">
      <Filter>Engine\2. RenderSystem\RenderContext</Filter>
    </ClCompile>
    <ClCompile Include="MShaderProvider.cpp">
      <Filter>Engine\2. RenderSystem\RenderContext</Filter>
    </ClCompile>
    <ClCompile Include="MVisibleCuller.cpp">
      <Filter>Engine\2. RenderSystem\RenderContext</Filter>
    </ClCompile>
    <ClCompile Include="MTerrain.cpp">
      <Filter>Engine\5. World\Terrain</Filter>
    </ClCompile>
    <ClCompile Include="MWorld.cpp">
      <Filter>Engine\5. World</Filter>
    </ClCompile>
    <ClCompile Include="Platform\win32\MPlatform.cpp">
      <Filter>Core\Platform</Filter>
    </ClCompile>
    <ClCompile Include="MSimpleCollision.cpp">
      <Filter>Engine\5. World\Entity\Component</Filter>
    </ClCompile>
    <ClCompile Include="MLoadRule.cpp">
      <Filter>Engine\5. World</Filter>
    </ClCompile>
    <ClCompile Include="PSEmitter.cpp">
      <Filter>Engine\5. World\Entity\ParticleSystem</Filter>
    </ClCompile>
    <ClCompile Include="PSManager.cpp">
      <Filter>Engine\5. World\Entity\ParticleSystem</Filter>
    </ClCompile>
    <ClCompile Include="PSModifier.cpp">
      <Filter>Engine\5. World\Entity\ParticleSystem</Filter>
    </ClCompile>
    <ClCompile Include="PSSource.cpp">
      <Filter>Engine\5. World\Entity\ParticleSystem</Filter>
    </ClCompile>
    <ClCompile Include="MSound.cpp">
      <Filter>Engine\5. World\Entity</Filter>
    </ClCompile>
    <ClCompile Include="MNodeTracker.cpp">
      <Filter>Engine\5. World\Entity\Component</Filter>
    </ClCompile>
    <ClCompile Include="MRef.cpp">
      <Filter>Core</Filter>
    </ClCompile>
    <ClCompile Include="MTexture.cpp">
      <Filter>Engine\2. RenderSystem\HWBuffer</Filter>
    </ClCompile>
    <ClCompile Include="MHWBufferManager.cpp">
      <Filter>Engine\2. RenderSystem\HWBuffer</Filter>
    </ClCompile>
    <ClCompile Include="MRenderTarget.cpp">
      <Filter>Engine\2. RenderSystem\HWBuffer</Filter>
    </ClCompile>
    <ClCompile Include="MDepthBuffer.cpp">
      <Filter>Engine\2. RenderSystem\HWBuffer</Filter>
    </ClCompile>
    <ClCompile Include="MRenderProcess.cpp">
      <Filter>Engine\2. RenderSystem\RenderContext</Filter>
    </ClCompile>
    <ClCompile Include="MMat3.cpp">
      <Filter>Core\Math</Filter>
    </ClCompile>
    <ClCompile Include="MVertexDeclaration.cpp">
      <Filter>Engine\2. RenderSystem\HWBuffer</Filter>
    </ClCompile>
    <ClCompile Include="MInput.cpp">
      <Filter>Engine\4. InputSystem</Filter>
    </ClCompile>
    <ClCompile Include="RadC.cpp">
      <Filter>Core\RadC</Filter>
    </ClCompile>
    <ClCompile Include="RadCCompiler.cpp">
      <Filter>Core\RadC</Filter>
    </ClCompile>
    <ClCompile Include="RadCExpression.cpp">
      <Filter>Core\RadC</Filter>
    </ClCompile>
    <ClCompile Include="RadCFoundation.cpp">
      <Filter>Core\RadC</Filter>
    </ClCompile>
    <ClCompile Include="RadCStatement.cpp">
      <Filter>Core\RadC</Filter>
    </ClCompile>
    <ClCompile Include="RadCType.cpp">
      <Filter>Core\RadC</Filter>
    </ClCompile>
    <ClCompile Include="MRenderObject.cpp">
      <Filter>Engine\2. RenderSystem</Filter>
    </ClCompile>
    <ClCompile Include="MRml.cpp">
      <Filter>Core</Filter>
    </ClCompile>
    <ClCompile Include="PSShader.cpp">
      <Filter>Engine\5. World\Entity\ParticleSystem</Filter>
    </ClCompile>
    <ClCompile Include="MMeshShader.cpp">
      <Filter>Engine\5. World\Entity\Mesh</Filter>
    </ClCompile>
    <ClCompile Include="MSkeleton.cpp">
      <Filter>Engine\5. World\Entity\Mesh</Filter>
    </ClCompile>
    <ClCompile Include="MTypes.cpp">
      <Filter>Engine</Filter>
    </ClCompile>
    <ClCompile Include="MCore.cpp">
      <Filter>Core</Filter>
    </ClCompile>
    <ClCompile Include="MComponent.cpp">
      <Filter>Core\Object</Filter>
    </ClCompile>
    <ClCompile Include="MObject.cpp">
      <Filter>Core\Object</Filter>
    </ClCompile>
    <ClCompile Include="MRoot.cpp">
      <Filter>Core</Filter>
    </ClCompile>
    <ClCompile Include="MWater.cpp">
      <Filter>Engine\5. World\Entity\Water</Filter>
    </ClCompile>
    <ClCompile Include="MGrassManager.cpp">
      <Filter>Engine\5. World\Grass</Filter>
    </ClCompile>
    <ClCompile Include="MShape.cpp">
      <Filter>Engine\5. World\Entity\Mesh</Filter>
    </ClCompile>
    <ClCompile Include="MWaterShader.cpp">
      <Filter>Engine\5. World\Entity\Water</Filter>
    </ClCompile>
    <ClCompile Include="MSkeletonAnimation.cpp">
      <Filter>Engine\5. World\Entity\Animation</Filter>
    </ClCompile>
    <ClCompile Include="MAnimationController.cpp">
      <Filter>Engine\5. World\Entity\Animation</Filter>
    </ClCompile>
    <ClCompile Include="MVertexAnimation.cpp">
      <Filter>Engine\5. World\Entity\Animation</Filter>
    </ClCompile>
    <ClCompile Include="MISerializer.cpp">
      <Filter>Core\Serializer</Filter>
    </ClCompile>
    <ClCompile Include="MOSerializer.cpp">
      <Filter>Core\Serializer</Filter>
    </ClCompile>
    <ClCompile Include="PSSet.cpp">
      <Filter>Engine\5. World\Entity\ParticleSystem</Filter>
    </ClCompile>
    <ClCompile Include="MPrefab.cpp">
      <Filter>Engine\5. World\Entity\Prefab</Filter>
    </ClCompile>
    <ClCompile Include="MPrefabManager.cpp">
      <Filter>Engine\5. World\Entity\Prefab</Filter>
    </ClCompile>
    <ClCompile Include="MZone.cpp">
      <Filter>Engine\5. World</Filter>
    </ClCompile>
    <ClCompile Include="MMeshGroup.cpp">
      <Filter>Engine\5. World\Entity\Mesh</Filter>
    </ClCompile>
    <ClCompile Include="MAnimationSerializer.cpp">
      <Filter>Engine\5. World\Entity\Animation</Filter>
    </ClCompile>
    <ClCompile Include="MKeyController.cpp">
      <Filter>Engine\5. World\Entity\Animation</Filter>
    </ClCompile>
    <ClCompile Include="MWorldSection.cpp">
      <Filter>Engine\5. World</Filter>
    </ClCompile>
    <ClCompile Include="MGrassRenderer.cpp">
      <Filter>Engine\5. World\Grass</Filter>
    </ClCompile>
    <ClCompile Include="MGrass.cpp">
      <Filter>Engine\5. World\Grass</Filter>
    </ClCompile>
    <ClCompile Include="MTerrainMesh.cpp">
      <Filter>Engine\5. World\Terrain</Filter>
    </ClCompile>
    <ClCompile Include="MNodeDisplayer.cpp">
      <Filter>Engine\5. World\Entity\Component</Filter>
    </ClCompile>
    <ClCompile Include="MGrassSection.cpp">
      <Filter>Engine\5. World\Grass</Filter>
    </ClCompile>
    <ClCompile Include="MTerrainSection.cpp">
      <Filter>Engine\5. World\Terrain</Filter>
    </ClCompile>
    <ClCompile Include="MMath.cpp">
      <Filter>Core\Math</Filter>
    </ClCompile>
    <ClCompile Include="MToken.cpp">
      <Filter>Core</Filter>
    </ClCompile>
    <ClCompile Include="RadDB.cpp">
      <Filter>Core\RadDB</Filter>
    </ClCompile>
    <ClCompile Include="RadDBManager.cpp">
      <Filter>Core\RadDB</Filter>
    </ClCompile>
    <ClCompile Include="RadDBTable.cpp">
      <Filter>Core\RadDB</Filter>
    </ClCompile>
    <ClCompile Include="TcpSocket.cpp">
      <Filter>Core\Sokect\TCP</Filter>
    </ClCompile>
    <ClCompile Include="TcpClient.cpp">
      <Filter>Core\Sokect\TCP</Filter>
    </ClCompile>
    <ClCompile Include="TcpServer.cpp">
      <Filter>Core\Sokect\TCP</Filter>
    </ClCompile>
    <ClCompile Include="MSocket.cpp">
      <Filter>Core\Sokect</Filter>
    </ClCompile>
    <ClCompile Include="MMd5.cpp">
      <Filter>Core\Math</Filter>
    </ClCompile>
    <ClCompile Include="MLog2.cpp">
      <Filter>Core</Filter>
    </ClCompile>
    <ClCompile Include="MLog.cpp">
      <Filter>Core</Filter>
    </ClCompile>
    <ClCompile Include="RadDBClient.cpp">
      <Filter>Core\RadDB\RDBC</Filter>
    </ClCompile>
    <ClCompile Include="RadDBServer.cpp">
      <Filter>Core\RadDB\RDBC</Filter>
    </ClCompile>
    <ClCompile Include="RadDBC.cpp">
      <Filter>Core\RadDB\RDBC</Filter>
    </ClCompile>
    <ClCompile Include="RadDBSql.cpp">
      <Filter>Core\RadDB\RSQL</Filter>
    </ClCompile>
    <ClCompile Include="RadDBType.cpp">
      <Filter>Core\RadDB</Filter>
    </ClCompile>
    <ClCompile Include="RadDBScript.cpp">
      <Filter>Core\RadDB\RSQL</Filter>
    </ClCompile>
    <ClCompile Include="MImageBMP.cpp">
      <Filter>Engine\2. RenderSystem\Image</Filter>
    </ClCompile>
    <ClCompile Include="MImageTGA.cpp">
      <Filter>Engine\2. RenderSystem\Image</Filter>
    </ClCompile>
    <ClCompile Include="MImageDDS.cpp">
      <Filter>Engine\2. RenderSystem\Image</Filter>
    </ClCompile>
    <ClCompile Include="MImagePNG.cpp">
      <Filter>Engine\2. RenderSystem\Image</Filter>
    </ClCompile>
    <ClCompile Include="MImage.cpp">
      <Filter>Engine\2. RenderSystem\Image</Filter>
    </ClCompile>
    <ClCompile Include="MImageETC.cpp">
      <Filter>Engine\2. RenderSystem\Image</Filter>
    </ClCompile>
    <ClCompile Include="MImagePVR.cpp">
      <Filter>Engine\2. RenderSystem\Image</Filter>
    </ClCompile>
    <ClCompile Include="MLZ77.cpp">
      <Filter>Core\Math</Filter>
    </ClCompile>
    <ClCompile Include="MAudio.cpp">
      <Filter>Engine\3. Audio &amp; Video\Audio</Filter>
    </ClCompile>
    <ClCompile Include="MAudioOGG.cpp">
      <Filter>Engine\3. Audio &amp; Video\Audio</Filter>
    </ClCompile>
    <ClCompile Include="MAudioWAV.cpp">
      <Filter>Engine\3. Audio &amp; Video\Audio</Filter>
    </ClCompile>
    <ClCompile Include="MVideo.cpp">
      <Filter>Engine\3. Audio &amp; Video\Video</Filter>
    </ClCompile>
    <ClCompile Include="MVideoOGG.cpp">
      <Filter>Engine\3. Audio &amp; Video\Video</Filter>
    </ClCompile>
    <ClCompile Include="MCodeTimer.cpp">
      <Filter>Core</Filter>
    </ClCompile>
    <ClCompile Include="MNode.cpp">
      <Filter>Engine\5. World</Filter>
    </ClCompile>
    <ClCompile Include="MMeshOptimizer.cpp">
      <Filter>Engine\5. World\Entity\Mesh</Filter>
    </ClCompile>
    <ClCompile Include="MImageJPG.cpp">
      <Filter>Engine\2. RenderSystem\Image</Filter>
    </ClCompile>
    <ClCompile Include="MVideoPlayer.cpp">
      <Filter>Engine\3. Audio &amp; Video</Filter>
    </ClCompile>
    <ClCompile Include="MEvent.cpp">
      <Filter>Core\Event</Filter>
    </ClCompile>
  </ItemGroup>
  <ItemGroup>
    <None Include="MMath.inl">
      <Filter>Core\Math</Filter>
    </None>
  </ItemGroup>
</Project>