<?xml version="1.0" encoding="utf-8"?>
<Project ToolsVersion="4.0" xmlns="http://schemas.microsoft.com/developer/msbuild/2003">
  <ItemGroup>
    <ClCompile Include="..\Framework\DebugInfo.cpp">
      <Filter>Framework</Filter>
    </ClCompile>
    <ClCompile Include="..\Framework\stdafx.cpp">
      <Filter>Framework</Filter>
    </ClCompile>
    <ClCompile Include="Actor.cpp">
      <Filter>Engine</Filter>
    </ClCompile>
    <ClCompile Include="Engine.cpp">
      <Filter>Engine</Filter>
    </ClCompile>
    <ClCompile Include="Module.cpp">
      <Filter>Engine</Filter>
    </ClCompile>
    <ClCompile Include="MoveComponent.cpp">
      <Filter>Engine\Component</Filter>
    </ClCompile>
    <ClCompile Include="ModuleDemo.cpp">
      <Filter>Engine\Module</Filter>
    </ClCompile>
    <ClCompile Include="RotateComponent.cpp">
      <Filter>Engine\Component</Filter>
    </ClCompile>
    <ClCompile Include="ShadowComponent.cpp">
      <Filter>Engine\Component</Filter>
    </ClCompile>
    <ClCompile Include="..\Framework\WinMain.cpp">
      <Filter>Framework</Filter>
    </ClCompile>
    <ClCompile Include="..\Framework\App.cpp">
      <Filter>Framework</Filter>
    </ClCompile>
    <ClCompile Include="Sample_Game.cpp" />
    <ClCompile Include="MotionComponent.cpp">
      <Filter>Engine\Component</Filter>
    </ClCompile>
    <ClCompile Include="CameraController.cpp">
      <Filter>Engine\Component</Filter>
    </ClCompile>
  </ItemGroup>
  <ItemGroup>
    <Filter Include="Framework">
      <UniqueIdentifier>{a645e133-1d15-401a-a660-cfb224a8ad67}</UniqueIdentifier>
    </Filter>
    <Filter Include="Engine">
      <UniqueIdentifier>{abdb87e1-7d41-4840-9605-521fe1687e45}</UniqueIdentifier>
    </Filter>
    <Filter Include="Engine\Component">
      <UniqueIdentifier>{e2ee8c5f-2761-4052-aebb-95f3de0072b6}</UniqueIdentifier>
    </Filter>
    <Filter Include="Engine\Module">
      <UniqueIdentifier>{1488feb5-378e-4a70-8136-6e9f53419b3c}</UniqueIdentifier>
    </Filter>
  </ItemGroup>
  <ItemGroup>
    <ClInclude Include="..\Framework\DebugInfo.h">
      <Filter>Framework</Filter>
    </ClInclude>
    <ClInclude Include="..\Framework\stdafx.h">
      <Filter>Framework</Filter>
    </ClInclude>
    <ClInclude Include="Actor.h">
      <Filter>Engine</Filter>
    </ClInclude>
    <ClInclude Include="Module.h">
      <Filter>Engine</Filter>
    </ClInclude>
    <ClInclude Include="MoveComponent.h">
      <Filter>Engine\Component</Filter>
    </ClInclude>
    <ClInclude Include="ModuleDemo.h">
      <Filter>Engine\Module</Filter>
    </ClInclude>
    <ClInclude Include="RotateComponent.h">
      <Filter>Engine\Component</Filter>
    </ClInclude>
    <ClInclude Include="ShadowComponent.h">
      <Filter>Engine\Component</Filter>
    </ClInclude>
    <ClInclude Include="..\Framework\App.h">
      <Filter>Framework</Filter>
    </ClInclude>
    <ClInclude Include="MotionComponent.h">
      <Filter>Engine\Component</Filter>
    </ClInclude>
    <ClInclude Include="CameraController.h">
      <Filter>Engine\Component</Filter>
    </ClInclude>
    <ClInclude Include="Engine.h">
      <Filter>Engine</Filter>
    </ClInclude>
  </ItemGroup>
</Project>