<?xml version="1.0" encoding="utf-8"?>
<Project ToolsVersion="4.0" xmlns="http://schemas.microsoft.com/developer/msbuild/2003">
  <ItemGroup>
    <ClCompile Include="RenderViewer.cpp" />
    <ClCompile Include="MeshViewer.cpp" />
    <ClCompile Include="CameraController.cpp" />
    <ClCompile Include="..\Util\ToolUtil.cpp">
      <Filter>Util</Filter>
    </ClCompile>
    <ClCompile Include="..\Framework\App.cpp">
      <Filter>Framework</Filter>
    </ClCompile>
    <ClCompile Include="..\Framework\DebugInfo.cpp">
      <Filter>Framework</Filter>
    </ClCompile>
    <ClCompile Include="..\Framework\stdafx.cpp">
      <Filter>Framework</Filter>
    </ClCompile>
    <ClCompile Include="..\Framework\WinMain.cpp">
      <Filter>Framework</Filter>
    </ClCompile>
    <ClCompile Include="..\Framework\DragDrop.cpp">
      <Filter>Framework</Filter>
    </ClCompile>
    <ClCompile Include="SkeletonDisplayer.cpp" />
    <ClCompile Include="ToolScaleMesh.cpp" />
  </ItemGroup>
  <ItemGroup>
    <Filter Include="Framework">
      <UniqueIdentifier>{fdd3ac15-5790-4078-8513-281430ee1042}</UniqueIdentifier>
    </Filter>
    <Filter Include="Util">
      <UniqueIdentifier>{2d7b45b6-8406-4fd7-9137-06213ae58c00}</UniqueIdentifier>
    </Filter>
  </ItemGroup>
  <ItemGroup>
    <ClInclude Include="RenderViewer.h" />
    <ClInclude Include="CameraController.h" />
    <ClInclude Include="..\Util\ToolUtil.h">
      <Filter>Util</Filter>
    </ClInclude>
    <ClInclude Include="..\Framework\App.h">
      <Filter>Framework</Filter>
    </ClInclude>
    <ClInclude Include="..\Framework\DebugInfo.h">
      <Filter>Framework</Filter>
    </ClInclude>
    <ClInclude Include="..\Framework\stdafx.h">
      <Filter>Framework</Filter>
    </ClInclude>
    <ClInclude Include="..\Framework\DragDrop.h">
      <Filter>Framework</Filter>
    </ClInclude>
    <ClInclude Include="SkeletonDisplayer.h" />
    <ClInclude Include="ToolScaleMesh.h" />
  </ItemGroup>
</Project>