<?xml version="1.0" encoding="utf-8"?>
<Project ToolsVersion="4.0" xmlns="http://schemas.microsoft.com/developer/msbuild/2003">
  <ItemGroup>
    <ClCompile Include="DIInputSystem.cpp" />
    <ClCompile Include="Internal\DIJoystick.cpp" />
    <ClCompile Include="Internal\DIKeyboard.cpp" />
    <ClCompile Include="Internal\DIMouse.cpp" />
    <ClCompile Include="main.cpp" />
  </ItemGroup>
  <ItemGroup>
    <ClInclude Include="DIInputSystem.h" />
    <ClInclude Include="Internal\DIInclude.h" />
    <ClInclude Include="Internal\DIJoystick.h" />
    <ClInclude Include="Internal\DIKeyboard.h" />
    <ClInclude Include="Internal\DIMouse.h" />
  </ItemGroup>
</Project>