<?xml version="1.0" encoding="utf-8"?>
<Project ToolsVersion="4.0" xmlns="http://schemas.microsoft.com/developer/msbuild/2003">
  <ItemGroup>
    <Filter Include="Framework">
      <UniqueIdentifier>{34ccdf7e-33d7-4e32-bf69-b899646eb786}</UniqueIdentifier>
    </Filter>
    <Filter Include="Util">
      <UniqueIdentifier>{d3d1fcc2-c83f-4a8c-ad21-ddf93953eb46}</UniqueIdentifier>
    </Filter>
    <Filter Include="Editor">
      <UniqueIdentifier>{386caf1d-4778-4bb6-bcb4-30c0a941d7f8}</UniqueIdentifier>
    </Filter>
  </ItemGroup>
  <ItemGroup>
    <ClInclude Include="..\Util\AllLookFeel.h">
      <Filter>Util</Filter>
    </ClInclude>
    <ClInclude Include="..\Util\ToolUtil.h">
      <Filter>Util</Filter>
    </ClInclude>
    <ClInclude Include="FloderPanel.h">
      <Filter>Editor</Filter>
    </ClInclude>
    <ClInclude Include="MainMenu.h">
      <Filter>Editor</Filter>
    </ClInclude>
    <ClInclude Include="RenderViewer.h">
      <Filter>Editor</Filter>
    </ClInclude>
    <ClInclude Include="CameraController.h">
      <Filter>Editor</Filter>
    </ClInclude>
    <ClInclude Include="SearchDlg.h">
      <Filter>Editor</Filter>
    </ClInclude>
    <ClInclude Include="OpenInFloderDlg.h">
      <Filter>Editor</Filter>
    </ClInclude>
    <ClInclude Include="..\Framework\App.h">
      <Filter>Framework</Filter>
    </ClInclude>
    <ClInclude Include="..\Framework\DebugInfo.h">
      <Filter>Framework</Filter>
    </ClInclude>
    <ClInclude Include="..\Framework\stdafx.h">
      <Filter>Framework</Filter>
    </ClInclude>
    <ClInclude Include="..\Framework\DragDrop.h">
      <Filter>Framework</Filter>
    </ClInclude>
  </ItemGroup>
  <ItemGroup>
    <ClCompile Include="ResourceViewer.cpp" />
    <ClCompile Include="..\Util\AllLookFeel.cpp">
      <Filter>Util</Filter>
    </ClCompile>
    <ClCompile Include="..\Util\ToolUtil.cpp">
      <Filter>Util</Filter>
    </ClCompile>
    <ClCompile Include="FloderPanel.cpp">
      <Filter>Editor</Filter>
    </ClCompile>
    <ClCompile Include="MainMenu.cpp">
      <Filter>Editor</Filter>
    </ClCompile>
    <ClCompile Include="RenderViewer.cpp">
      <Filter>Editor</Filter>
    </ClCompile>
    <ClCompile Include="CameraController.cpp">
      <Filter>Editor</Filter>
    </ClCompile>
    <ClCompile Include="SearchDlg.cpp">
      <Filter>Editor</Filter>
    </ClCompile>
    <ClCompile Include="OpenInFloderDlg.cpp">
      <Filter>Editor</Filter>
    </ClCompile>
    <ClCompile Include="..\Framework\App.cpp">
      <Filter>Framework</Filter>
    </ClCompile>
    <ClCompile Include="..\Framework\DebugInfo.cpp">
      <Filter>Framework</Filter>
    </ClCompile>
    <ClCompile Include="..\Framework\stdafx.cpp">
      <Filter>Framework</Filter>
    </ClCompile>
    <ClCompile Include="..\Framework\WinMain.cpp">
      <Filter>Framework</Filter>
    </ClCompile>
    <ClCompile Include="..\Framework\DragDrop.cpp">
      <Filter>Framework</Filter>
    </ClCompile>
  </ItemGroup>
</Project>